// !$*UTF8*$!
{
	archiveVersion = 1;
	classes = {
	};
	objectVersion = 46;
	objects = {

/* Begin PBXBuildFile section */
		6222D7511CAFEE3B00F46C44 /* SongLibraryViewController.swift in Sources */ = {isa = PBXBuildFile; fileRef = 6222D7501CAFEE3B00F46C44 /* SongLibraryViewController.swift */; };
		6222D7531CAFEE7800F46C44 /* ChosenSongsLibraryViewContainerController.swift in Sources */ = {isa = PBXBuildFile; fileRef = 6222D7521CAFEE7800F46C44 /* ChosenSongsLibraryViewContainerController.swift */; };
		6224AD0F1CBC9E8C00DC1BF9 /* AARegular.swift in Sources */ = {isa = PBXBuildFile; fileRef = 6224AD0E1CBC9E8C00DC1BF9 /* AARegular.swift */; };
		623C81E71CAE432C00A6A3D5 /* AAColor.swift in Sources */ = {isa = PBXBuildFile; fileRef = 623C81E61CAE432C00A6A3D5 /* AAColor.swift */; };
		623C81E91CAE438F00A6A3D5 /* AALog.swift in Sources */ = {isa = PBXBuildFile; fileRef = 623C81E81CAE438F00A6A3D5 /* AALog.swift */; };
		623C81EB1CAE4F8E00A6A3D5 /* SingUpViewController.swift in Sources */ = {isa = PBXBuildFile; fileRef = 623C81EA1CAE4F8E00A6A3D5 /* SingUpViewController.swift */; };
		624837951CF44F310008CA1E /* EZAudio.m in Sources */ = {isa = PBXBuildFile; fileRef = 624837731CF44F310008CA1E /* EZAudio.m */; };
		624837961CF44F310008CA1E /* EZAudioDevice.m in Sources */ = {isa = PBXBuildFile; fileRef = 624837751CF44F310008CA1E /* EZAudioDevice.m */; };
		624837971CF44F310008CA1E /* EZAudioDisplayLink.m in Sources */ = {isa = PBXBuildFile; fileRef = 624837771CF44F310008CA1E /* EZAudioDisplayLink.m */; };
		624837981CF44F310008CA1E /* EZAudioFFT.m in Sources */ = {isa = PBXBuildFile; fileRef = 624837791CF44F310008CA1E /* EZAudioFFT.m */; };
		624837991CF44F310008CA1E /* EZAudioFile.m in Sources */ = {isa = PBXBuildFile; fileRef = 6248377B1CF44F310008CA1E /* EZAudioFile.m */; };
		6248379A1CF44F310008CA1E /* EZAudioFloatConverter.m in Sources */ = {isa = PBXBuildFile; fileRef = 6248377D1CF44F310008CA1E /* EZAudioFloatConverter.m */; };
		6248379B1CF44F310008CA1E /* EZAudioFloatData.m in Sources */ = {isa = PBXBuildFile; fileRef = 6248377F1CF44F310008CA1E /* EZAudioFloatData.m */; };
		6248379C1CF44F310008CA1E /* EZAudioPlayer.m in Sources */ = {isa = PBXBuildFile; fileRef = 624837831CF44F310008CA1E /* EZAudioPlayer.m */; };
		6248379D1CF44F310008CA1E /* EZAudioPlot.m in Sources */ = {isa = PBXBuildFile; fileRef = 624837851CF44F310008CA1E /* EZAudioPlot.m */; };
		6248379E1CF44F310008CA1E /* EZAudioPlotGL.m in Sources */ = {isa = PBXBuildFile; fileRef = 624837871CF44F310008CA1E /* EZAudioPlotGL.m */; };
		6248379F1CF44F310008CA1E /* EZAudioUtilities.m in Sources */ = {isa = PBXBuildFile; fileRef = 624837891CF44F310008CA1E /* EZAudioUtilities.m */; };
		624837A01CF44F310008CA1E /* EZMicrophone.m in Sources */ = {isa = PBXBuildFile; fileRef = 6248378B1CF44F310008CA1E /* EZMicrophone.m */; };
		624837A11CF44F310008CA1E /* EZOutput.m in Sources */ = {isa = PBXBuildFile; fileRef = 6248378D1CF44F310008CA1E /* EZOutput.m */; };
		624837A21CF44F310008CA1E /* EZPlot.m in Sources */ = {isa = PBXBuildFile; fileRef = 6248378F1CF44F310008CA1E /* EZPlot.m */; };
		624837A31CF44F310008CA1E /* EZRecorder.m in Sources */ = {isa = PBXBuildFile; fileRef = 624837911CF44F310008CA1E /* EZRecorder.m */; };
		624837A41CF44F310008CA1E /* Info.plist in Resources */ = {isa = PBXBuildFile; fileRef = 624837921CF44F310008CA1E /* Info.plist */; };
		624837A51CF44F310008CA1E /* TPCircularBuffer.c in Sources */ = {isa = PBXBuildFile; fileRef = 624837931CF44F310008CA1E /* TPCircularBuffer.c */; };
		6256E12C1CAF7F15003BC7E3 /* LeftSideViewController.swift in Sources */ = {isa = PBXBuildFile; fileRef = 6256E12B1CAF7F15003BC7E3 /* LeftSideViewController.swift */; };
		625EC1491CB2717D009BA175 /* SongHistoryViewController.swift in Sources */ = {isa = PBXBuildFile; fileRef = 625EC1481CB2717D009BA175 /* SongHistoryViewController.swift */; };
		625EC14B1CB27333009BA175 /* BaseViewController.swift in Sources */ = {isa = PBXBuildFile; fileRef = 625EC14A1CB27333009BA175 /* BaseViewController.swift */; };
		625EC14E1CB3F291009BA175 /* LeftSideCell.swift in Sources */ = {isa = PBXBuildFile; fileRef = 625EC14D1CB3F291009BA175 /* LeftSideCell.swift */; };
		625EC1501CB3F2DA009BA175 /* SongLibraryCell.swift in Sources */ = {isa = PBXBuildFile; fileRef = 625EC14F1CB3F2DA009BA175 /* SongLibraryCell.swift */; };
		625EC1521CB3F303009BA175 /* ChosenSongCell.swift in Sources */ = {isa = PBXBuildFile; fileRef = 625EC1511CB3F303009BA175 /* ChosenSongCell.swift */; };
		625EC1541CB40A81009BA175 /* RecommendationViewContainerController.swift in Sources */ = {isa = PBXBuildFile; fileRef = 625EC1531CB40A81009BA175 /* RecommendationViewContainerController.swift */; };
		625EC1561CB4123B009BA175 /* RecommendationViewController.swift in Sources */ = {isa = PBXBuildFile; fileRef = 625EC1551CB4123B009BA175 /* RecommendationViewController.swift */; };
		625EC1581CB413EB009BA175 /* SongHistoryViewContainerController.swift in Sources */ = {isa = PBXBuildFile; fileRef = 625EC1571CB413EB009BA175 /* SongHistoryViewContainerController.swift */; };
		625EC15A1CB41523009BA175 /* HistoryCell.swift in Sources */ = {isa = PBXBuildFile; fileRef = 625EC1591CB41523009BA175 /* HistoryCell.swift */; };
		625EC15C1CB41632009BA175 /* ChosenSongsLibraryViewController.swift in Sources */ = {isa = PBXBuildFile; fileRef = 625EC15B1CB41632009BA175 /* ChosenSongsLibraryViewController.swift */; };
		625EC15E1CB41B47009BA175 /* RankingViewController.swift in Sources */ = {isa = PBXBuildFile; fileRef = 625EC15D1CB41B47009BA175 /* RankingViewController.swift */; };
		625EC1601CB41B5D009BA175 /* RankingViewContainerController.swift in Sources */ = {isa = PBXBuildFile; fileRef = 625EC15F1CB41B5D009BA175 /* RankingViewContainerController.swift */; };
		625EC1621CB4233E009BA175 /* RankingGenreViewController.swift in Sources */ = {isa = PBXBuildFile; fileRef = 625EC1611CB4233E009BA175 /* RankingGenreViewController.swift */; };
		625EC1641CB423BF009BA175 /* RankingCell.swift in Sources */ = {isa = PBXBuildFile; fileRef = 625EC1631CB423BF009BA175 /* RankingCell.swift */; };
		628F5CF91CFCF27C00854448 /* MyCell.m in Sources */ = {isa = PBXBuildFile; fileRef = 628F5CF81CFCF27C00854448 /* MyCell.m */; };
		628F5CFE1CFCF28700854448 /* DoModel.m in Sources */ = {isa = PBXBuildFile; fileRef = 628F5CFB1CFCF28700854448 /* DoModel.m */; };
		628F5CFF1CFCF28700854448 /* Song.m in Sources */ = {isa = PBXBuildFile; fileRef = 628F5CFD1CFCF28700854448 /* Song.m */; };
		628F5D021CFCF29400854448 /* 梁静茹-偶阵雨.lrc in Resources */ = {isa = PBXBuildFile; fileRef = 628F5D001CFCF29400854448 /* 梁静茹-偶阵雨.lrc */; };
		628F5D031CFCF29400854448 /* 梁静茹-偶阵雨.mp3 in Resources */ = {isa = PBXBuildFile; fileRef = 628F5D011CFCF29400854448 /* 梁静茹-偶阵雨.mp3 */; };
		629611B31CC9EDA200724A84 /* AANumber.swift in Sources */ = {isa = PBXBuildFile; fileRef = 629611B21CC9EDA200724A84 /* AANumber.swift */; };
		629611B51CC9EE1500724A84 /* AAAlertViewController.swift in Sources */ = {isa = PBXBuildFile; fileRef = 629611B41CC9EE1500724A84 /* AAAlertViewController.swift */; };
		629611B81CCA020400724A84 /* ThirdPartyLoginModel.swift in Sources */ = {isa = PBXBuildFile; fileRef = 629611B71CCA020400724A84 /* ThirdPartyLoginModel.swift */; };
		629CD53E1CD8CA71001F7D84 /* DatabaseModel.xcdatamodeld in Sources */ = {isa = PBXBuildFile; fileRef = 629CD53C1CD8CA71001F7D84 /* DatabaseModel.xcdatamodeld */; };
		629CD5411CD8CB23001F7D84 /* User+CoreDataProperties.swift in Sources */ = {isa = PBXBuildFile; fileRef = 629CD53F1CD8CB23001F7D84 /* User+CoreDataProperties.swift */; };
		629CD5421CD8CB23001F7D84 /* User.swift in Sources */ = {isa = PBXBuildFile; fileRef = 629CD5401CD8CB23001F7D84 /* User.swift */; };
		62A2A06C1CAE213E00B2D4DC /* AppDelegate.swift in Sources */ = {isa = PBXBuildFile; fileRef = 62A2A06B1CAE213E00B2D4DC /* AppDelegate.swift */; };
		62A2A06E1CAE213E00B2D4DC /* MainViewController.swift in Sources */ = {isa = PBXBuildFile; fileRef = 62A2A06D1CAE213E00B2D4DC /* MainViewController.swift */; };
		62A2A0711CAE213E00B2D4DC /* Main.storyboard in Resources */ = {isa = PBXBuildFile; fileRef = 62A2A06F1CAE213E00B2D4DC /* Main.storyboard */; };
		62A2A0731CAE213E00B2D4DC /* Assets.xcassets in Resources */ = {isa = PBXBuildFile; fileRef = 62A2A0721CAE213E00B2D4DC /* Assets.xcassets */; };
		62A2A0761CAE213E00B2D4DC /* LaunchScreen.storyboard in Resources */ = {isa = PBXBuildFile; fileRef = 62A2A0741CAE213E00B2D4DC /* LaunchScreen.storyboard */; };
		62A2A0811CAE213F00B2D4DC /* CarolsTests.swift in Sources */ = {isa = PBXBuildFile; fileRef = 62A2A0801CAE213F00B2D4DC /* CarolsTests.swift */; };
		62A2A08C1CAE213F00B2D4DC /* CarolsUITests.swift in Sources */ = {isa = PBXBuildFile; fileRef = 62A2A08B1CAE213F00B2D4DC /* CarolsUITests.swift */; };
		62EB89C21CB4E20B002EF07F /* PlayingViewController.swift in Sources */ = {isa = PBXBuildFile; fileRef = 62EB89C11CB4E20B002EF07F /* PlayingViewController.swift */; };
		62FBE5361CAE22CA0059AD66 /* LoginViewController.swift in Sources */ = {isa = PBXBuildFile; fileRef = 62FBE5351CAE22CA0059AD66 /* LoginViewController.swift */; };
		62FFC2F41CCB51270073EBD3 /* AAHandler.swift in Sources */ = {isa = PBXBuildFile; fileRef = 62FFC2F31CCB51270073EBD3 /* AAHandler.swift */; };
		62FFC2F61CCB51A70073EBD3 /* ThirdPartyLoginRequest.swift in Sources */ = {isa = PBXBuildFile; fileRef = 62FFC2F51CCB51A70073EBD3 /* ThirdPartyLoginRequest.swift */; };
		62FFC2F81CCB5CDD0073EBD3 /* AAUser.swift in Sources */ = {isa = PBXBuildFile; fileRef = 62FFC2F71CCB5CDD0073EBD3 /* AAUser.swift */; };
		E7C079E81CF2EE4100E9948C /* Stream.swift in Sources */ = {isa = PBXBuildFile; fileRef = E7C079E51CF2EE4100E9948C /* Stream.swift */; };
		E7C079E91CF2EE4100E9948C /* BaseEntity.swift in Sources */ = {isa = PBXBuildFile; fileRef = E7C079E61CF2EE4100E9948C /* BaseEntity.swift */; };
		E7C079EA1CF2EE4100E9948C /* Song.swift in Sources */ = {isa = PBXBuildFile; fileRef = E7C079E71CF2EE4100E9948C /* Song.swift */; };
		E7C079ED1CF2EE4F00E9948C /* BaseHandler.swift in Sources */ = {isa = PBXBuildFile; fileRef = E7C079EB1CF2EE4F00E9948C /* BaseHandler.swift */; };
		E7C079EE1CF2EE4F00E9948C /* SongHelper.swift in Sources */ = {isa = PBXBuildFile; fileRef = E7C079EC1CF2EE4F00E9948C /* SongHelper.swift */; };
		E7C079F21CF2EE6E00E9948C /* PlayView.storyboard in Resources */ = {isa = PBXBuildFile; fileRef = E7C079EF1CF2EE6E00E9948C /* PlayView.storyboard */; };
		E7C079F31CF2EE6E00E9948C /* MusicSlider.swift in Sources */ = {isa = PBXBuildFile; fileRef = E7C079F01CF2EE6E00E9948C /* MusicSlider.swift */; };
		E7C079F41CF2EE6E00E9948C /* MusicIndicator.swift in Sources */ = {isa = PBXBuildFile; fileRef = E7C079F11CF2EE6E00E9948C /* MusicIndicator.swift */; };
		E7C079F61CF2EE8100E9948C /* PlayViewController.swift in Sources */ = {isa = PBXBuildFile; fileRef = E7C079F51CF2EE8100E9948C /* PlayViewController.swift */; };
		E7C079F91CF2EF3E00E9948C /* music_list.json in Resources */ = {isa = PBXBuildFile; fileRef = E7C079F81CF2EF3E00E9948C /* music_list.json */; };
		E7C079FD1CF2EF4600E9948C /* 1770040300_2031329_l.mp3 in Resources */ = {isa = PBXBuildFile; fileRef = E7C079FA1CF2EF4600E9948C /* 1770040300_2031329_l.mp3 */; };
		E7C079FE1CF2EF4600E9948C /* 1770059653_2050944_l.mp3 in Resources */ = {isa = PBXBuildFile; fileRef = E7C079FB1CF2EF4600E9948C /* 1770059653_2050944_l.mp3 */; };
		E7C079FF1CF2EF4600E9948C /* 1771694697_4194836_l.mp3 in Resources */ = {isa = PBXBuildFile; fileRef = E7C079FC1CF2EF4600E9948C /* 1771694697_4194836_l.mp3 */; };
		F26E3FCC09A0C8FBE52E1F2E /* Pods_Carols.framework in Frameworks */ = {isa = PBXBuildFile; fileRef = C68B8BF5F9B6A07ED10FF290 /* Pods_Carols.framework */; };
/* End PBXBuildFile section */

/* Begin PBXContainerItemProxy section */
		62A2A07D1CAE213F00B2D4DC /* PBXContainerItemProxy */ = {
			isa = PBXContainerItemProxy;
			containerPortal = 62A2A0601CAE213E00B2D4DC /* Project object */;
			proxyType = 1;
			remoteGlobalIDString = 62A2A0671CAE213E00B2D4DC;
			remoteInfo = Carols;
		};
		62A2A0881CAE213F00B2D4DC /* PBXContainerItemProxy */ = {
			isa = PBXContainerItemProxy;
			containerPortal = 62A2A0601CAE213E00B2D4DC /* Project object */;
			proxyType = 1;
			remoteGlobalIDString = 62A2A0671CAE213E00B2D4DC;
			remoteInfo = Carols;
		};
/* End PBXContainerItemProxy section */

/* Begin PBXFileReference section */
		6222D7501CAFEE3B00F46C44 /* SongLibraryViewController.swift */ = {isa = PBXFileReference; fileEncoding = 4; lastKnownFileType = sourcecode.swift; path = SongLibraryViewController.swift; sourceTree = "<group>"; };
		6222D7521CAFEE7800F46C44 /* ChosenSongsLibraryViewContainerController.swift */ = {isa = PBXFileReference; fileEncoding = 4; lastKnownFileType = sourcecode.swift; path = ChosenSongsLibraryViewContainerController.swift; sourceTree = "<group>"; };
		6224AD0E1CBC9E8C00DC1BF9 /* AARegular.swift */ = {isa = PBXFileReference; fileEncoding = 4; lastKnownFileType = sourcecode.swift; path = AARegular.swift; sourceTree = "<group>"; };
		623C81E61CAE432C00A6A3D5 /* AAColor.swift */ = {isa = PBXFileReference; fileEncoding = 4; lastKnownFileType = sourcecode.swift; path = AAColor.swift; sourceTree = "<group>"; };
		623C81E81CAE438F00A6A3D5 /* AALog.swift */ = {isa = PBXFileReference; fileEncoding = 4; lastKnownFileType = sourcecode.swift; path = AALog.swift; sourceTree = "<group>"; };
		623C81EA1CAE4F8E00A6A3D5 /* SingUpViewController.swift */ = {isa = PBXFileReference; fileEncoding = 4; lastKnownFileType = sourcecode.swift; path = SingUpViewController.swift; sourceTree = "<group>"; };
		624837721CF44F310008CA1E /* EZAudio.h */ = {isa = PBXFileReference; fileEncoding = 4; lastKnownFileType = sourcecode.c.h; path = EZAudio.h; sourceTree = "<group>"; };
		624837731CF44F310008CA1E /* EZAudio.m */ = {isa = PBXFileReference; fileEncoding = 4; lastKnownFileType = sourcecode.c.objc; path = EZAudio.m; sourceTree = "<group>"; };
		624837741CF44F310008CA1E /* EZAudioDevice.h */ = {isa = PBXFileReference; fileEncoding = 4; lastKnownFileType = sourcecode.c.h; path = EZAudioDevice.h; sourceTree = "<group>"; };
		624837751CF44F310008CA1E /* EZAudioDevice.m */ = {isa = PBXFileReference; fileEncoding = 4; lastKnownFileType = sourcecode.c.objc; path = EZAudioDevice.m; sourceTree = "<group>"; };
		624837761CF44F310008CA1E /* EZAudioDisplayLink.h */ = {isa = PBXFileReference; fileEncoding = 4; lastKnownFileType = sourcecode.c.h; path = EZAudioDisplayLink.h; sourceTree = "<group>"; };
		624837771CF44F310008CA1E /* EZAudioDisplayLink.m */ = {isa = PBXFileReference; fileEncoding = 4; lastKnownFileType = sourcecode.c.objc; path = EZAudioDisplayLink.m; sourceTree = "<group>"; };
		624837781CF44F310008CA1E /* EZAudioFFT.h */ = {isa = PBXFileReference; fileEncoding = 4; lastKnownFileType = sourcecode.c.h; path = EZAudioFFT.h; sourceTree = "<group>"; };
		624837791CF44F310008CA1E /* EZAudioFFT.m */ = {isa = PBXFileReference; fileEncoding = 4; lastKnownFileType = sourcecode.c.objc; path = EZAudioFFT.m; sourceTree = "<group>"; };
		6248377A1CF44F310008CA1E /* EZAudioFile.h */ = {isa = PBXFileReference; fileEncoding = 4; lastKnownFileType = sourcecode.c.h; path = EZAudioFile.h; sourceTree = "<group>"; };
		6248377B1CF44F310008CA1E /* EZAudioFile.m */ = {isa = PBXFileReference; fileEncoding = 4; lastKnownFileType = sourcecode.c.objc; path = EZAudioFile.m; sourceTree = "<group>"; };
		6248377C1CF44F310008CA1E /* EZAudioFloatConverter.h */ = {isa = PBXFileReference; fileEncoding = 4; lastKnownFileType = sourcecode.c.h; path = EZAudioFloatConverter.h; sourceTree = "<group>"; };
		6248377D1CF44F310008CA1E /* EZAudioFloatConverter.m */ = {isa = PBXFileReference; fileEncoding = 4; lastKnownFileType = sourcecode.c.objc; path = EZAudioFloatConverter.m; sourceTree = "<group>"; };
		6248377E1CF44F310008CA1E /* EZAudioFloatData.h */ = {isa = PBXFileReference; fileEncoding = 4; lastKnownFileType = sourcecode.c.h; path = EZAudioFloatData.h; sourceTree = "<group>"; };
		6248377F1CF44F310008CA1E /* EZAudioFloatData.m */ = {isa = PBXFileReference; fileEncoding = 4; lastKnownFileType = sourcecode.c.objc; path = EZAudioFloatData.m; sourceTree = "<group>"; };
		624837801CF44F310008CA1E /* EZAudioiOS.h */ = {isa = PBXFileReference; fileEncoding = 4; lastKnownFileType = sourcecode.c.h; path = EZAudioiOS.h; sourceTree = "<group>"; };
		624837811CF44F310008CA1E /* EZAudioOSX.h */ = {isa = PBXFileReference; fileEncoding = 4; lastKnownFileType = sourcecode.c.h; path = EZAudioOSX.h; sourceTree = "<group>"; };
		624837821CF44F310008CA1E /* EZAudioPlayer.h */ = {isa = PBXFileReference; fileEncoding = 4; lastKnownFileType = sourcecode.c.h; path = EZAudioPlayer.h; sourceTree = "<group>"; };
		624837831CF44F310008CA1E /* EZAudioPlayer.m */ = {isa = PBXFileReference; fileEncoding = 4; lastKnownFileType = sourcecode.c.objc; path = EZAudioPlayer.m; sourceTree = "<group>"; };
		624837841CF44F310008CA1E /* EZAudioPlot.h */ = {isa = PBXFileReference; fileEncoding = 4; lastKnownFileType = sourcecode.c.h; path = EZAudioPlot.h; sourceTree = "<group>"; };
		624837851CF44F310008CA1E /* EZAudioPlot.m */ = {isa = PBXFileReference; fileEncoding = 4; lastKnownFileType = sourcecode.c.objc; path = EZAudioPlot.m; sourceTree = "<group>"; };
		624837861CF44F310008CA1E /* EZAudioPlotGL.h */ = {isa = PBXFileReference; fileEncoding = 4; lastKnownFileType = sourcecode.c.h; path = EZAudioPlotGL.h; sourceTree = "<group>"; };
		624837871CF44F310008CA1E /* EZAudioPlotGL.m */ = {isa = PBXFileReference; fileEncoding = 4; lastKnownFileType = sourcecode.c.objc; path = EZAudioPlotGL.m; sourceTree = "<group>"; };
		624837881CF44F310008CA1E /* EZAudioUtilities.h */ = {isa = PBXFileReference; fileEncoding = 4; lastKnownFileType = sourcecode.c.h; path = EZAudioUtilities.h; sourceTree = "<group>"; };
		624837891CF44F310008CA1E /* EZAudioUtilities.m */ = {isa = PBXFileReference; fileEncoding = 4; lastKnownFileType = sourcecode.c.objc; path = EZAudioUtilities.m; sourceTree = "<group>"; };
		6248378A1CF44F310008CA1E /* EZMicrophone.h */ = {isa = PBXFileReference; fileEncoding = 4; lastKnownFileType = sourcecode.c.h; path = EZMicrophone.h; sourceTree = "<group>"; };
		6248378B1CF44F310008CA1E /* EZMicrophone.m */ = {isa = PBXFileReference; fileEncoding = 4; lastKnownFileType = sourcecode.c.objc; path = EZMicrophone.m; sourceTree = "<group>"; };
		6248378C1CF44F310008CA1E /* EZOutput.h */ = {isa = PBXFileReference; fileEncoding = 4; lastKnownFileType = sourcecode.c.h; path = EZOutput.h; sourceTree = "<group>"; };
		6248378D1CF44F310008CA1E /* EZOutput.m */ = {isa = PBXFileReference; fileEncoding = 4; lastKnownFileType = sourcecode.c.objc; path = EZOutput.m; sourceTree = "<group>"; };
		6248378E1CF44F310008CA1E /* EZPlot.h */ = {isa = PBXFileReference; fileEncoding = 4; lastKnownFileType = sourcecode.c.h; path = EZPlot.h; sourceTree = "<group>"; };
		6248378F1CF44F310008CA1E /* EZPlot.m */ = {isa = PBXFileReference; fileEncoding = 4; lastKnownFileType = sourcecode.c.objc; path = EZPlot.m; sourceTree = "<group>"; };
		624837901CF44F310008CA1E /* EZRecorder.h */ = {isa = PBXFileReference; fileEncoding = 4; lastKnownFileType = sourcecode.c.h; path = EZRecorder.h; sourceTree = "<group>"; };
		624837911CF44F310008CA1E /* EZRecorder.m */ = {isa = PBXFileReference; fileEncoding = 4; lastKnownFileType = sourcecode.c.objc; path = EZRecorder.m; sourceTree = "<group>"; };
		624837921CF44F310008CA1E /* Info.plist */ = {isa = PBXFileReference; fileEncoding = 4; lastKnownFileType = text.plist.xml; path = Info.plist; sourceTree = "<group>"; };
		624837931CF44F310008CA1E /* TPCircularBuffer.c */ = {isa = PBXFileReference; fileEncoding = 4; lastKnownFileType = sourcecode.c.c; path = TPCircularBuffer.c; sourceTree = "<group>"; };
		624837941CF44F310008CA1E /* TPCircularBuffer.h */ = {isa = PBXFileReference; fileEncoding = 4; lastKnownFileType = sourcecode.c.h; path = TPCircularBuffer.h; sourceTree = "<group>"; };
		6256E12B1CAF7F15003BC7E3 /* LeftSideViewController.swift */ = {isa = PBXFileReference; fileEncoding = 4; lastKnownFileType = sourcecode.swift; path = LeftSideViewController.swift; sourceTree = "<group>"; };
		625EC1481CB2717D009BA175 /* SongHistoryViewController.swift */ = {isa = PBXFileReference; fileEncoding = 4; lastKnownFileType = sourcecode.swift; path = SongHistoryViewController.swift; sourceTree = "<group>"; };
		625EC14A1CB27333009BA175 /* BaseViewController.swift */ = {isa = PBXFileReference; fileEncoding = 4; lastKnownFileType = sourcecode.swift; path = BaseViewController.swift; sourceTree = "<group>"; };
		625EC14D1CB3F291009BA175 /* LeftSideCell.swift */ = {isa = PBXFileReference; fileEncoding = 4; lastKnownFileType = sourcecode.swift; path = LeftSideCell.swift; sourceTree = "<group>"; };
		625EC14F1CB3F2DA009BA175 /* SongLibraryCell.swift */ = {isa = PBXFileReference; fileEncoding = 4; lastKnownFileType = sourcecode.swift; path = SongLibraryCell.swift; sourceTree = "<group>"; };
		625EC1511CB3F303009BA175 /* ChosenSongCell.swift */ = {isa = PBXFileReference; fileEncoding = 4; lastKnownFileType = sourcecode.swift; path = ChosenSongCell.swift; sourceTree = "<group>"; };
		625EC1531CB40A81009BA175 /* RecommendationViewContainerController.swift */ = {isa = PBXFileReference; fileEncoding = 4; lastKnownFileType = sourcecode.swift; path = RecommendationViewContainerController.swift; sourceTree = "<group>"; };
		625EC1551CB4123B009BA175 /* RecommendationViewController.swift */ = {isa = PBXFileReference; fileEncoding = 4; lastKnownFileType = sourcecode.swift; path = RecommendationViewController.swift; sourceTree = "<group>"; };
		625EC1571CB413EB009BA175 /* SongHistoryViewContainerController.swift */ = {isa = PBXFileReference; fileEncoding = 4; lastKnownFileType = sourcecode.swift; path = SongHistoryViewContainerController.swift; sourceTree = "<group>"; };
		625EC1591CB41523009BA175 /* HistoryCell.swift */ = {isa = PBXFileReference; fileEncoding = 4; lastKnownFileType = sourcecode.swift; path = HistoryCell.swift; sourceTree = "<group>"; };
		625EC15B1CB41632009BA175 /* ChosenSongsLibraryViewController.swift */ = {isa = PBXFileReference; fileEncoding = 4; lastKnownFileType = sourcecode.swift; path = ChosenSongsLibraryViewController.swift; sourceTree = "<group>"; };
		625EC15D1CB41B47009BA175 /* RankingViewController.swift */ = {isa = PBXFileReference; fileEncoding = 4; lastKnownFileType = sourcecode.swift; path = RankingViewController.swift; sourceTree = "<group>"; };
		625EC15F1CB41B5D009BA175 /* RankingViewContainerController.swift */ = {isa = PBXFileReference; fileEncoding = 4; lastKnownFileType = sourcecode.swift; path = RankingViewContainerController.swift; sourceTree = "<group>"; };
		625EC1611CB4233E009BA175 /* RankingGenreViewController.swift */ = {isa = PBXFileReference; fileEncoding = 4; lastKnownFileType = sourcecode.swift; path = RankingGenreViewController.swift; sourceTree = "<group>"; };
		625EC1631CB423BF009BA175 /* RankingCell.swift */ = {isa = PBXFileReference; fileEncoding = 4; lastKnownFileType = sourcecode.swift; path = RankingCell.swift; sourceTree = "<group>"; };
		628F5CF71CFCF27C00854448 /* MyCell.h */ = {isa = PBXFileReference; fileEncoding = 4; lastKnownFileType = sourcecode.c.h; path = MyCell.h; sourceTree = "<group>"; };
		628F5CF81CFCF27C00854448 /* MyCell.m */ = {isa = PBXFileReference; fileEncoding = 4; lastKnownFileType = sourcecode.c.objc; path = MyCell.m; sourceTree = "<group>"; };
		628F5CFA1CFCF28700854448 /* DoModel.h */ = {isa = PBXFileReference; fileEncoding = 4; lastKnownFileType = sourcecode.c.h; path = DoModel.h; sourceTree = "<group>"; };
		628F5CFB1CFCF28700854448 /* DoModel.m */ = {isa = PBXFileReference; fileEncoding = 4; lastKnownFileType = sourcecode.c.objc; path = DoModel.m; sourceTree = "<group>"; };
		628F5CFC1CFCF28700854448 /* Song.h */ = {isa = PBXFileReference; fileEncoding = 4; lastKnownFileType = sourcecode.c.h; path = Song.h; sourceTree = "<group>"; };
		628F5CFD1CFCF28700854448 /* Song.m */ = {isa = PBXFileReference; fileEncoding = 4; lastKnownFileType = sourcecode.c.objc; path = Song.m; sourceTree = "<group>"; };
		628F5D001CFCF29400854448 /* 梁静茹-偶阵雨.lrc */ = {isa = PBXFileReference; fileEncoding = 4; lastKnownFileType = text; path = "梁静茹-偶阵雨.lrc"; sourceTree = "<group>"; };
		628F5D011CFCF29400854448 /* 梁静茹-偶阵雨.mp3 */ = {isa = PBXFileReference; lastKnownFileType = audio.mp3; path = "梁静茹-偶阵雨.mp3"; sourceTree = "<group>"; };
		629611B21CC9EDA200724A84 /* AANumber.swift */ = {isa = PBXFileReference; fileEncoding = 4; lastKnownFileType = sourcecode.swift; path = AANumber.swift; sourceTree = "<group>"; };
		629611B41CC9EE1500724A84 /* AAAlertViewController.swift */ = {isa = PBXFileReference; fileEncoding = 4; lastKnownFileType = sourcecode.swift; path = AAAlertViewController.swift; sourceTree = "<group>"; };
		629611B71CCA020400724A84 /* ThirdPartyLoginModel.swift */ = {isa = PBXFileReference; fileEncoding = 4; lastKnownFileType = sourcecode.swift; path = ThirdPartyLoginModel.swift; sourceTree = "<group>"; };
		629CD53D1CD8CA71001F7D84 /* DatabaseModel.xcdatamodel */ = {isa = PBXFileReference; lastKnownFileType = wrapper.xcdatamodel; path = DatabaseModel.xcdatamodel; sourceTree = "<group>"; };
		629CD53F1CD8CB23001F7D84 /* User+CoreDataProperties.swift */ = {isa = PBXFileReference; fileEncoding = 4; lastKnownFileType = sourcecode.swift; path = "User+CoreDataProperties.swift"; sourceTree = "<group>"; };
		629CD5401CD8CB23001F7D84 /* User.swift */ = {isa = PBXFileReference; fileEncoding = 4; lastKnownFileType = sourcecode.swift; path = User.swift; sourceTree = "<group>"; };
		62A2A0681CAE213E00B2D4DC /* Carols.app */ = {isa = PBXFileReference; explicitFileType = wrapper.application; includeInIndex = 0; path = Carols.app; sourceTree = BUILT_PRODUCTS_DIR; };
		62A2A06B1CAE213E00B2D4DC /* AppDelegate.swift */ = {isa = PBXFileReference; lastKnownFileType = sourcecode.swift; path = AppDelegate.swift; sourceTree = "<group>"; };
		62A2A06D1CAE213E00B2D4DC /* MainViewController.swift */ = {isa = PBXFileReference; lastKnownFileType = sourcecode.swift; path = MainViewController.swift; sourceTree = "<group>"; };
		62A2A0701CAE213E00B2D4DC /* Base */ = {isa = PBXFileReference; lastKnownFileType = file.storyboard; name = Base; path = Base.lproj/Main.storyboard; sourceTree = "<group>"; };
		62A2A0721CAE213E00B2D4DC /* Assets.xcassets */ = {isa = PBXFileReference; lastKnownFileType = folder.assetcatalog; path = Assets.xcassets; sourceTree = "<group>"; };
		62A2A0751CAE213E00B2D4DC /* Base */ = {isa = PBXFileReference; lastKnownFileType = file.storyboard; name = Base; path = Base.lproj/LaunchScreen.storyboard; sourceTree = "<group>"; };
		62A2A0771CAE213E00B2D4DC /* Info.plist */ = {isa = PBXFileReference; lastKnownFileType = text.plist.xml; path = Info.plist; sourceTree = "<group>"; };
		62A2A07C1CAE213F00B2D4DC /* CarolsTests.xctest */ = {isa = PBXFileReference; explicitFileType = wrapper.cfbundle; includeInIndex = 0; path = CarolsTests.xctest; sourceTree = BUILT_PRODUCTS_DIR; };
		62A2A0801CAE213F00B2D4DC /* CarolsTests.swift */ = {isa = PBXFileReference; lastKnownFileType = sourcecode.swift; path = CarolsTests.swift; sourceTree = "<group>"; };
		62A2A0821CAE213F00B2D4DC /* Info.plist */ = {isa = PBXFileReference; lastKnownFileType = text.plist.xml; path = Info.plist; sourceTree = "<group>"; };
		62A2A0871CAE213F00B2D4DC /* CarolsUITests.xctest */ = {isa = PBXFileReference; explicitFileType = wrapper.cfbundle; includeInIndex = 0; path = CarolsUITests.xctest; sourceTree = BUILT_PRODUCTS_DIR; };
		62A2A08B1CAE213F00B2D4DC /* CarolsUITests.swift */ = {isa = PBXFileReference; lastKnownFileType = sourcecode.swift; path = CarolsUITests.swift; sourceTree = "<group>"; };
		62A2A08D1CAE213F00B2D4DC /* Info.plist */ = {isa = PBXFileReference; lastKnownFileType = text.plist.xml; path = Info.plist; sourceTree = "<group>"; };
		62EB89C11CB4E20B002EF07F /* PlayingViewController.swift */ = {isa = PBXFileReference; fileEncoding = 4; lastKnownFileType = sourcecode.swift; path = PlayingViewController.swift; sourceTree = "<group>"; };
		62FBE5351CAE22CA0059AD66 /* LoginViewController.swift */ = {isa = PBXFileReference; fileEncoding = 4; lastKnownFileType = sourcecode.swift; path = LoginViewController.swift; sourceTree = "<group>"; };
		62FFC2F31CCB51270073EBD3 /* AAHandler.swift */ = {isa = PBXFileReference; fileEncoding = 4; lastKnownFileType = sourcecode.swift; path = AAHandler.swift; sourceTree = "<group>"; };
		62FFC2F51CCB51A70073EBD3 /* ThirdPartyLoginRequest.swift */ = {isa = PBXFileReference; fileEncoding = 4; lastKnownFileType = sourcecode.swift; path = ThirdPartyLoginRequest.swift; sourceTree = "<group>"; };
		62FFC2F71CCB5CDD0073EBD3 /* AAUser.swift */ = {isa = PBXFileReference; fileEncoding = 4; lastKnownFileType = sourcecode.swift; path = AAUser.swift; sourceTree = "<group>"; };
		7179656382A29027B25697E9 /* Pods-Carols.release.xcconfig */ = {isa = PBXFileReference; includeInIndex = 1; lastKnownFileType = text.xcconfig; name = "Pods-Carols.release.xcconfig"; path = "Pods/Target Support Files/Pods-Carols/Pods-Carols.release.xcconfig"; sourceTree = "<group>"; };
		7C0B0EE4A25643C739A4F4DB /* Pods-Carols.debug.xcconfig */ = {isa = PBXFileReference; includeInIndex = 1; lastKnownFileType = text.xcconfig; name = "Pods-Carols.debug.xcconfig"; path = "Pods/Target Support Files/Pods-Carols/Pods-Carols.debug.xcconfig"; sourceTree = "<group>"; };
		C68B8BF5F9B6A07ED10FF290 /* Pods_Carols.framework */ = {isa = PBXFileReference; explicitFileType = wrapper.framework; includeInIndex = 0; path = Pods_Carols.framework; sourceTree = BUILT_PRODUCTS_DIR; };
		E7C079E51CF2EE4100E9948C /* Stream.swift */ = {isa = PBXFileReference; fileEncoding = 4; lastKnownFileType = sourcecode.swift; path = Stream.swift; sourceTree = "<group>"; };
		E7C079E61CF2EE4100E9948C /* BaseEntity.swift */ = {isa = PBXFileReference; fileEncoding = 4; lastKnownFileType = sourcecode.swift; path = BaseEntity.swift; sourceTree = "<group>"; };
		E7C079E71CF2EE4100E9948C /* Song.swift */ = {isa = PBXFileReference; fileEncoding = 4; lastKnownFileType = sourcecode.swift; path = Song.swift; sourceTree = "<group>"; };
		E7C079EB1CF2EE4F00E9948C /* BaseHandler.swift */ = {isa = PBXFileReference; fileEncoding = 4; lastKnownFileType = sourcecode.swift; path = BaseHandler.swift; sourceTree = "<group>"; };
		E7C079EC1CF2EE4F00E9948C /* SongHelper.swift */ = {isa = PBXFileReference; fileEncoding = 4; lastKnownFileType = sourcecode.swift; path = SongHelper.swift; sourceTree = "<group>"; };
		E7C079EF1CF2EE6E00E9948C /* PlayView.storyboard */ = {isa = PBXFileReference; fileEncoding = 4; lastKnownFileType = file.storyboard; path = PlayView.storyboard; sourceTree = "<group>"; };
		E7C079F01CF2EE6E00E9948C /* MusicSlider.swift */ = {isa = PBXFileReference; fileEncoding = 4; lastKnownFileType = sourcecode.swift; path = MusicSlider.swift; sourceTree = "<group>"; };
		E7C079F11CF2EE6E00E9948C /* MusicIndicator.swift */ = {isa = PBXFileReference; fileEncoding = 4; lastKnownFileType = sourcecode.swift; path = MusicIndicator.swift; sourceTree = "<group>"; };
		E7C079F51CF2EE8100E9948C /* PlayViewController.swift */ = {isa = PBXFileReference; fileEncoding = 4; lastKnownFileType = sourcecode.swift; path = PlayViewController.swift; sourceTree = "<group>"; };
		E7C079F81CF2EF3E00E9948C /* music_list.json */ = {isa = PBXFileReference; fileEncoding = 4; lastKnownFileType = text.json; path = music_list.json; sourceTree = "<group>"; };
		E7C079FA1CF2EF4600E9948C /* 1770040300_2031329_l.mp3 */ = {isa = PBXFileReference; lastKnownFileType = audio.mp3; path = 1770040300_2031329_l.mp3; sourceTree = "<group>"; };
		E7C079FB1CF2EF4600E9948C /* 1770059653_2050944_l.mp3 */ = {isa = PBXFileReference; lastKnownFileType = audio.mp3; path = 1770059653_2050944_l.mp3; sourceTree = "<group>"; };
		E7C079FC1CF2EF4600E9948C /* 1771694697_4194836_l.mp3 */ = {isa = PBXFileReference; lastKnownFileType = audio.mp3; path = 1771694697_4194836_l.mp3; sourceTree = "<group>"; };
		E7D5E2A01CD4C91000A03B90 /* BridgeHeader.h */ = {isa = PBXFileReference; lastKnownFileType = sourcecode.c.h; path = BridgeHeader.h; sourceTree = "<group>"; };
/* End PBXFileReference section */

/* Begin PBXFrameworksBuildPhase section */
		62A2A0651CAE213E00B2D4DC /* Frameworks */ = {
			isa = PBXFrameworksBuildPhase;
			buildActionMask = 2147483647;
			files = (
				F26E3FCC09A0C8FBE52E1F2E /* Pods_Carols.framework in Frameworks */,
			);
			runOnlyForDeploymentPostprocessing = 0;
		};
		62A2A0791CAE213F00B2D4DC /* Frameworks */ = {
			isa = PBXFrameworksBuildPhase;
			buildActionMask = 2147483647;
			files = (
			);
			runOnlyForDeploymentPostprocessing = 0;
		};
		62A2A0841CAE213F00B2D4DC /* Frameworks */ = {
			isa = PBXFrameworksBuildPhase;
			buildActionMask = 2147483647;
			files = (
			);
			runOnlyForDeploymentPostprocessing = 0;
		};
/* End PBXFrameworksBuildPhase section */

/* Begin PBXGroup section */
		25664B6B10B54697893785D3 /* Pods */ = {
			isa = PBXGroup;
			children = (
				7C0B0EE4A25643C739A4F4DB /* Pods-Carols.debug.xcconfig */,
				7179656382A29027B25697E9 /* Pods-Carols.release.xcconfig */,
			);
			name = Pods;
			sourceTree = "<group>";
		};
		623C81E51CAE42F700A6A3D5 /* Utils */ = {
			isa = PBXGroup;
			children = (
				629611B41CC9EE1500724A84 /* AAAlertViewController.swift */,
				629611B21CC9EDA200724A84 /* AANumber.swift */,
				623C81E61CAE432C00A6A3D5 /* AAColor.swift */,
				623C81E81CAE438F00A6A3D5 /* AALog.swift */,
				6224AD0E1CBC9E8C00DC1BF9 /* AARegular.swift */,
			);
			name = Utils;
			sourceTree = "<group>";
		};
		624837711CF44F310008CA1E /* EZAudio */ = {
			isa = PBXGroup;
			children = (
				624837721CF44F310008CA1E /* EZAudio.h */,
				624837731CF44F310008CA1E /* EZAudio.m */,
				624837741CF44F310008CA1E /* EZAudioDevice.h */,
				624837751CF44F310008CA1E /* EZAudioDevice.m */,
				624837761CF44F310008CA1E /* EZAudioDisplayLink.h */,
				624837771CF44F310008CA1E /* EZAudioDisplayLink.m */,
				624837781CF44F310008CA1E /* EZAudioFFT.h */,
				624837791CF44F310008CA1E /* EZAudioFFT.m */,
				6248377A1CF44F310008CA1E /* EZAudioFile.h */,
				6248377B1CF44F310008CA1E /* EZAudioFile.m */,
				6248377C1CF44F310008CA1E /* EZAudioFloatConverter.h */,
				6248377D1CF44F310008CA1E /* EZAudioFloatConverter.m */,
				6248377E1CF44F310008CA1E /* EZAudioFloatData.h */,
				6248377F1CF44F310008CA1E /* EZAudioFloatData.m */,
				624837801CF44F310008CA1E /* EZAudioiOS.h */,
				624837811CF44F310008CA1E /* EZAudioOSX.h */,
				624837821CF44F310008CA1E /* EZAudioPlayer.h */,
				624837831CF44F310008CA1E /* EZAudioPlayer.m */,
				624837841CF44F310008CA1E /* EZAudioPlot.h */,
				624837851CF44F310008CA1E /* EZAudioPlot.m */,
				624837861CF44F310008CA1E /* EZAudioPlotGL.h */,
				624837871CF44F310008CA1E /* EZAudioPlotGL.m */,
				624837881CF44F310008CA1E /* EZAudioUtilities.h */,
				624837891CF44F310008CA1E /* EZAudioUtilities.m */,
				6248378A1CF44F310008CA1E /* EZMicrophone.h */,
				6248378B1CF44F310008CA1E /* EZMicrophone.m */,
				6248378C1CF44F310008CA1E /* EZOutput.h */,
				6248378D1CF44F310008CA1E /* EZOutput.m */,
				6248378E1CF44F310008CA1E /* EZPlot.h */,
				6248378F1CF44F310008CA1E /* EZPlot.m */,
				624837901CF44F310008CA1E /* EZRecorder.h */,
				624837911CF44F310008CA1E /* EZRecorder.m */,
				624837921CF44F310008CA1E /* Info.plist */,
				624837931CF44F310008CA1E /* TPCircularBuffer.c */,
				624837941CF44F310008CA1E /* TPCircularBuffer.h */,
			);
			path = EZAudio;
			sourceTree = "<group>";
		};
		6259C5251CCB4436006E934F /* View */ = {
			isa = PBXGroup;
			children = (
				E7C079F51CF2EE8100E9948C /* PlayViewController.swift */,
				E7C079EF1CF2EE6E00E9948C /* PlayView.storyboard */,
				E7C079F01CF2EE6E00E9948C /* MusicSlider.swift */,
				E7C079F11CF2EE6E00E9948C /* MusicIndicator.swift */,
				625EC14C1CB3F261009BA175 /* Cell */,
			);
			name = View;
			sourceTree = "<group>";
		};
		6259C5261CCB4478006E934F /* LoginAndRegister */ = {
			isa = PBXGroup;
			children = (
				62FBE5351CAE22CA0059AD66 /* LoginViewController.swift */,
				623C81EA1CAE4F8E00A6A3D5 /* SingUpViewController.swift */,
			);
			name = LoginAndRegister;
			sourceTree = "<group>";
		};
		625EC14C1CB3F261009BA175 /* Cell */ = {
			isa = PBXGroup;
			children = (
				625EC14D1CB3F291009BA175 /* LeftSideCell.swift */,
				625EC14F1CB3F2DA009BA175 /* SongLibraryCell.swift */,
				625EC1511CB3F303009BA175 /* ChosenSongCell.swift */,
				625EC1591CB41523009BA175 /* HistoryCell.swift */,
				625EC1631CB423BF009BA175 /* RankingCell.swift */,
			);
			name = Cell;
			sourceTree = "<group>";
		};
		628F5CF61CFCF26200854448 /* Lyric */ = {
			isa = PBXGroup;
			children = (
				628F5CFA1CFCF28700854448 /* DoModel.h */,
				628F5CFB1CFCF28700854448 /* DoModel.m */,
				628F5CFC1CFCF28700854448 /* Song.h */,
				628F5CFD1CFCF28700854448 /* Song.m */,
				628F5CF71CFCF27C00854448 /* MyCell.h */,
				628F5CF81CFCF27C00854448 /* MyCell.m */,
				628F5D001CFCF29400854448 /* 梁静茹-偶阵雨.lrc */,
				628F5D011CFCF29400854448 /* 梁静茹-偶阵雨.mp3 */,
			);
			name = Lyric;
			sourceTree = "<group>";
		};
		629611B61CCA01E400724A84 /* Model */ = {
			isa = PBXGroup;
			children = (
				E7C079E51CF2EE4100E9948C /* Stream.swift */,
				E7C079E61CF2EE4100E9948C /* BaseEntity.swift */,
				E7C079E71CF2EE4100E9948C /* Song.swift */,
				629CD53F1CD8CB23001F7D84 /* User+CoreDataProperties.swift */,
				629CD5401CD8CB23001F7D84 /* User.swift */,
				629611B71CCA020400724A84 /* ThirdPartyLoginModel.swift */,
				62FFC2F51CCB51A70073EBD3 /* ThirdPartyLoginRequest.swift */,
				62FFC2F71CCB5CDD0073EBD3 /* AAUser.swift */,
				629CD53C1CD8CA71001F7D84 /* DatabaseModel.xcdatamodeld */,
			);
			name = Model;
			sourceTree = "<group>";
		};
		62A2A05F1CAE213E00B2D4DC = {
			isa = PBXGroup;
			children = (
				62A2A06A1CAE213E00B2D4DC /* Carols */,
				62A2A07F1CAE213F00B2D4DC /* CarolsTests */,
				62A2A08A1CAE213F00B2D4DC /* CarolsUITests */,
				62A2A0691CAE213E00B2D4DC /* Products */,
				25664B6B10B54697893785D3 /* Pods */,
				8A3DA6A339E3E59C331A2A3C /* Frameworks */,
			);
			sourceTree = "<group>";
		};
		62A2A0691CAE213E00B2D4DC /* Products */ = {
			isa = PBXGroup;
			children = (
				62A2A0681CAE213E00B2D4DC /* Carols.app */,
				62A2A07C1CAE213F00B2D4DC /* CarolsTests.xctest */,
				62A2A0871CAE213F00B2D4DC /* CarolsUITests.xctest */,
			);
			name = Products;
			sourceTree = "<group>";
		};
		62A2A06A1CAE213E00B2D4DC /* Carols */ = {
			isa = PBXGroup;
			children = (
				624837711CF44F310008CA1E /* EZAudio */,
				E7C079F71CF2EF2D00E9948C /* Resource */,
				62FFC2F21CCB51060073EBD3 /* Handler */,
				6259C5251CCB4436006E934F /* View */,
				629611B61CCA01E400724A84 /* Model */,
				623C81E51CAE42F700A6A3D5 /* Utils */,
				62FBE5341CAE22BD0059AD66 /* ViewControllers */,
				62A2A06B1CAE213E00B2D4DC /* AppDelegate.swift */,
				E7D5E2A01CD4C91000A03B90 /* BridgeHeader.h */,
				62A2A06F1CAE213E00B2D4DC /* Main.storyboard */,
				62A2A0721CAE213E00B2D4DC /* Assets.xcassets */,
				62A2A0741CAE213E00B2D4DC /* LaunchScreen.storyboard */,
				62A2A0771CAE213E00B2D4DC /* Info.plist */,
			);
			path = Carols;
			sourceTree = "<group>";
		};
		62A2A07F1CAE213F00B2D4DC /* CarolsTests */ = {
			isa = PBXGroup;
			children = (
				62A2A0801CAE213F00B2D4DC /* CarolsTests.swift */,
				62A2A0821CAE213F00B2D4DC /* Info.plist */,
			);
			path = CarolsTests;
			sourceTree = "<group>";
		};
		62A2A08A1CAE213F00B2D4DC /* CarolsUITests */ = {
			isa = PBXGroup;
			children = (
				62A2A08B1CAE213F00B2D4DC /* CarolsUITests.swift */,
				62A2A08D1CAE213F00B2D4DC /* Info.plist */,
			);
			path = CarolsUITests;
			sourceTree = "<group>";
		};
		62FBE5341CAE22BD0059AD66 /* ViewControllers */ = {
			isa = PBXGroup;
			children = (
				6259C5261CCB4478006E934F /* LoginAndRegister */,
				625EC14A1CB27333009BA175 /* BaseViewController.swift */,
				6256E12B1CAF7F15003BC7E3 /* LeftSideViewController.swift */,
				62A2A06D1CAE213E00B2D4DC /* MainViewController.swift */,
				6222D7501CAFEE3B00F46C44 /* SongLibraryViewController.swift */,
				6222D7521CAFEE7800F46C44 /* ChosenSongsLibraryViewContainerController.swift */,
				625EC15B1CB41632009BA175 /* ChosenSongsLibraryViewController.swift */,
				625EC1571CB413EB009BA175 /* SongHistoryViewContainerController.swift */,
				625EC1481CB2717D009BA175 /* SongHistoryViewController.swift */,
				625EC1531CB40A81009BA175 /* RecommendationViewContainerController.swift */,
				625EC1551CB4123B009BA175 /* RecommendationViewController.swift */,
				625EC15F1CB41B5D009BA175 /* RankingViewContainerController.swift */,
				625EC15D1CB41B47009BA175 /* RankingViewController.swift */,
				625EC1611CB4233E009BA175 /* RankingGenreViewController.swift */,
				62EB89C11CB4E20B002EF07F /* PlayingViewController.swift */,
			);
			name = ViewControllers;
			sourceTree = "<group>";
		};
		62FFC2F21CCB51060073EBD3 /* Handler */ = {
			isa = PBXGroup;
			children = (
				62FFC2F31CCB51270073EBD3 /* AAHandler.swift */,
				E7C079EB1CF2EE4F00E9948C /* BaseHandler.swift */,
				E7C079EC1CF2EE4F00E9948C /* SongHelper.swift */,
			);
			name = Handler;
			sourceTree = "<group>";
		};
		8A3DA6A339E3E59C331A2A3C /* Frameworks */ = {
			isa = PBXGroup;
			children = (
				C68B8BF5F9B6A07ED10FF290 /* Pods_Carols.framework */,
			);
			name = Frameworks;
			sourceTree = "<group>";
		};
		E7C079F71CF2EF2D00E9948C /* Resource */ = {
			isa = PBXGroup;
			children = (
				628F5CF61CFCF26200854448 /* Lyric */,
				E7C079F81CF2EF3E00E9948C /* music_list.json */,
				E7C079FA1CF2EF4600E9948C /* 1770040300_2031329_l.mp3 */,
				E7C079FB1CF2EF4600E9948C /* 1770059653_2050944_l.mp3 */,
				E7C079FC1CF2EF4600E9948C /* 1771694697_4194836_l.mp3 */,
			);
			name = Resource;
			sourceTree = "<group>";
		};
/* End PBXGroup section */

/* Begin PBXNativeTarget section */
		62A2A0671CAE213E00B2D4DC /* Carols */ = {
			isa = PBXNativeTarget;
			buildConfigurationList = 62A2A0901CAE213F00B2D4DC /* Build configuration list for PBXNativeTarget "Carols" */;
			buildPhases = (
				DEC5B83BC39C5CDE899BE6E4 /* Check Pods Manifest.lock */,
				62A2A0641CAE213E00B2D4DC /* Sources */,
				62A2A0651CAE213E00B2D4DC /* Frameworks */,
				62A2A0661CAE213E00B2D4DC /* Resources */,
				02E0C8C8860896FA5CF46478 /* Embed Pods Frameworks */,
				C51120A10504D4FA4A087950 /* Copy Pods Resources */,
			);
			buildRules = (
			);
			dependencies = (
			);
			name = Carols;
			productName = Carols;
			productReference = 62A2A0681CAE213E00B2D4DC /* Carols.app */;
			productType = "com.apple.product-type.application";
		};
		62A2A07B1CAE213F00B2D4DC /* CarolsTests */ = {
			isa = PBXNativeTarget;
			buildConfigurationList = 62A2A0931CAE213F00B2D4DC /* Build configuration list for PBXNativeTarget "CarolsTests" */;
			buildPhases = (
				62A2A0781CAE213F00B2D4DC /* Sources */,
				62A2A0791CAE213F00B2D4DC /* Frameworks */,
				62A2A07A1CAE213F00B2D4DC /* Resources */,
			);
			buildRules = (
			);
			dependencies = (
				62A2A07E1CAE213F00B2D4DC /* PBXTargetDependency */,
			);
			name = CarolsTests;
			productName = CarolsTests;
			productReference = 62A2A07C1CAE213F00B2D4DC /* CarolsTests.xctest */;
			productType = "com.apple.product-type.bundle.unit-test";
		};
		62A2A0861CAE213F00B2D4DC /* CarolsUITests */ = {
			isa = PBXNativeTarget;
			buildConfigurationList = 62A2A0961CAE213F00B2D4DC /* Build configuration list for PBXNativeTarget "CarolsUITests" */;
			buildPhases = (
				62A2A0831CAE213F00B2D4DC /* Sources */,
				62A2A0841CAE213F00B2D4DC /* Frameworks */,
				62A2A0851CAE213F00B2D4DC /* Resources */,
			);
			buildRules = (
			);
			dependencies = (
				62A2A0891CAE213F00B2D4DC /* PBXTargetDependency */,
			);
			name = CarolsUITests;
			productName = CarolsUITests;
			productReference = 62A2A0871CAE213F00B2D4DC /* CarolsUITests.xctest */;
			productType = "com.apple.product-type.bundle.ui-testing";
		};
/* End PBXNativeTarget section */

/* Begin PBXProject section */
		62A2A0601CAE213E00B2D4DC /* Project object */ = {
			isa = PBXProject;
			attributes = {
				LastSwiftUpdateCheck = 0730;
				LastUpgradeCheck = 0730;
				ORGANIZATIONNAME = TAC;
				TargetAttributes = {
					62A2A0671CAE213E00B2D4DC = {
						CreatedOnToolsVersion = 7.3;
					};
					62A2A07B1CAE213F00B2D4DC = {
						CreatedOnToolsVersion = 7.3;
						TestTargetID = 62A2A0671CAE213E00B2D4DC;
					};
					62A2A0861CAE213F00B2D4DC = {
						CreatedOnToolsVersion = 7.3;
						TestTargetID = 62A2A0671CAE213E00B2D4DC;
					};
				};
			};
			buildConfigurationList = 62A2A0631CAE213E00B2D4DC /* Build configuration list for PBXProject "Carols" */;
			compatibilityVersion = "Xcode 3.2";
			developmentRegion = English;
			hasScannedForEncodings = 0;
			knownRegions = (
				en,
				Base,
			);
			mainGroup = 62A2A05F1CAE213E00B2D4DC;
			productRefGroup = 62A2A0691CAE213E00B2D4DC /* Products */;
			projectDirPath = "";
			projectRoot = "";
			targets = (
				62A2A0671CAE213E00B2D4DC /* Carols */,
				62A2A07B1CAE213F00B2D4DC /* CarolsTests */,
				62A2A0861CAE213F00B2D4DC /* CarolsUITests */,
			);
		};
/* End PBXProject section */

/* Begin PBXResourcesBuildPhase section */
		62A2A0661CAE213E00B2D4DC /* Resources */ = {
			isa = PBXResourcesBuildPhase;
			buildActionMask = 2147483647;
			files = (
				E7C079F91CF2EF3E00E9948C /* music_list.json in Resources */,
				62A2A0761CAE213E00B2D4DC /* LaunchScreen.storyboard in Resources */,
				624837A41CF44F310008CA1E /* Info.plist in Resources */,
				628F5D031CFCF29400854448 /* 梁静茹-偶阵雨.mp3 in Resources */,
				628F5D021CFCF29400854448 /* 梁静茹-偶阵雨.lrc in Resources */,
				E7C079FD1CF2EF4600E9948C /* 1770040300_2031329_l.mp3 in Resources */,
				E7C079FE1CF2EF4600E9948C /* 1770059653_2050944_l.mp3 in Resources */,
				E7C079FF1CF2EF4600E9948C /* 1771694697_4194836_l.mp3 in Resources */,
				62A2A0731CAE213E00B2D4DC /* Assets.xcassets in Resources */,
				62A2A0711CAE213E00B2D4DC /* Main.storyboard in Resources */,
				E7C079F21CF2EE6E00E9948C /* PlayView.storyboard in Resources */,
			);
			runOnlyForDeploymentPostprocessing = 0;
		};
		62A2A07A1CAE213F00B2D4DC /* Resources */ = {
			isa = PBXResourcesBuildPhase;
			buildActionMask = 2147483647;
			files = (
			);
			runOnlyForDeploymentPostprocessing = 0;
		};
		62A2A0851CAE213F00B2D4DC /* Resources */ = {
			isa = PBXResourcesBuildPhase;
			buildActionMask = 2147483647;
			files = (
			);
			runOnlyForDeploymentPostprocessing = 0;
		};
/* End PBXResourcesBuildPhase section */

/* Begin PBXShellScriptBuildPhase section */
		02E0C8C8860896FA5CF46478 /* Embed Pods Frameworks */ = {
			isa = PBXShellScriptBuildPhase;
			buildActionMask = 2147483647;
			files = (
			);
			inputPaths = (
			);
			name = "Embed Pods Frameworks";
			outputPaths = (
			);
			runOnlyForDeploymentPostprocessing = 0;
			shellPath = /bin/sh;
			shellScript = "\"${SRCROOT}/Pods/Target Support Files/Pods-Carols/Pods-Carols-frameworks.sh\"\n";
			showEnvVarsInLog = 0;
		};
		C51120A10504D4FA4A087950 /* Copy Pods Resources */ = {
			isa = PBXShellScriptBuildPhase;
			buildActionMask = 2147483647;
			files = (
			);
			inputPaths = (
			);
			name = "Copy Pods Resources";
			outputPaths = (
			);
			runOnlyForDeploymentPostprocessing = 0;
			shellPath = /bin/sh;
			shellScript = "\"${SRCROOT}/Pods/Target Support Files/Pods-Carols/Pods-Carols-resources.sh\"\n";
			showEnvVarsInLog = 0;
		};
		DEC5B83BC39C5CDE899BE6E4 /* Check Pods Manifest.lock */ = {
			isa = PBXShellScriptBuildPhase;
			buildActionMask = 2147483647;
			files = (
			);
			inputPaths = (
			);
			name = "Check Pods Manifest.lock";
			outputPaths = (
			);
			runOnlyForDeploymentPostprocessing = 0;
			shellPath = /bin/sh;
			shellScript = "diff \"${PODS_ROOT}/../Podfile.lock\" \"${PODS_ROOT}/Manifest.lock\" > /dev/null\nif [[ $? != 0 ]] ; then\n    cat << EOM\nerror: The sandbox is not in sync with the Podfile.lock. Run 'pod install' or update your CocoaPods installation.\nEOM\n    exit 1\nfi\n";
			showEnvVarsInLog = 0;
		};
/* End PBXShellScriptBuildPhase section */

/* Begin PBXSourcesBuildPhase section */
		62A2A0641CAE213E00B2D4DC /* Sources */ = {
			isa = PBXSourcesBuildPhase;
			buildActionMask = 2147483647;
			files = (
				E7C079F31CF2EE6E00E9948C /* MusicSlider.swift in Sources */,
				6248379F1CF44F310008CA1E /* EZAudioUtilities.m in Sources */,
				6248379A1CF44F310008CA1E /* EZAudioFloatConverter.m in Sources */,
				625EC1491CB2717D009BA175 /* SongHistoryViewController.swift in Sources */,
				6248379D1CF44F310008CA1E /* EZAudioPlot.m in Sources */,
				E7C079F41CF2EE6E00E9948C /* MusicIndicator.swift in Sources */,
				623C81E91CAE438F00A6A3D5 /* AALog.swift in Sources */,
				625EC14B1CB27333009BA175 /* BaseViewController.swift in Sources */,
				625EC1601CB41B5D009BA175 /* RankingViewContainerController.swift in Sources */,
				624837951CF44F310008CA1E /* EZAudio.m in Sources */,
				6256E12C1CAF7F15003BC7E3 /* LeftSideViewController.swift in Sources */,
				624837991CF44F310008CA1E /* EZAudioFile.m in Sources */,
				624837A51CF44F310008CA1E /* TPCircularBuffer.c in Sources */,
				625EC15C1CB41632009BA175 /* ChosenSongsLibraryViewController.swift in Sources */,
				62FFC2F61CCB51A70073EBD3 /* ThirdPartyLoginRequest.swift in Sources */,
				62FFC2F41CCB51270073EBD3 /* AAHandler.swift in Sources */,
				625EC1641CB423BF009BA175 /* RankingCell.swift in Sources */,
				62FBE5361CAE22CA0059AD66 /* LoginViewController.swift in Sources */,
				624837A21CF44F310008CA1E /* EZPlot.m in Sources */,
				629611B51CC9EE1500724A84 /* AAAlertViewController.swift in Sources */,
				628F5CFE1CFCF28700854448 /* DoModel.m in Sources */,
				E7C079ED1CF2EE4F00E9948C /* BaseHandler.swift in Sources */,
				625EC1561CB4123B009BA175 /* RecommendationViewController.swift in Sources */,
				624837A01CF44F310008CA1E /* EZMicrophone.m in Sources */,
				62EB89C21CB4E20B002EF07F /* PlayingViewController.swift in Sources */,
				625EC14E1CB3F291009BA175 /* LeftSideCell.swift in Sources */,
				628F5CF91CFCF27C00854448 /* MyCell.m in Sources */,
				62A2A06E1CAE213E00B2D4DC /* MainViewController.swift in Sources */,
				624837961CF44F310008CA1E /* EZAudioDevice.m in Sources */,
				623C81E71CAE432C00A6A3D5 /* AAColor.swift in Sources */,
				625EC1581CB413EB009BA175 /* SongHistoryViewContainerController.swift in Sources */,
				625EC1621CB4233E009BA175 /* RankingGenreViewController.swift in Sources */,
				6222D7511CAFEE3B00F46C44 /* SongLibraryViewController.swift in Sources */,
				624837A31CF44F310008CA1E /* EZRecorder.m in Sources */,
				E7C079E91CF2EE4100E9948C /* BaseEntity.swift in Sources */,
				625EC1501CB3F2DA009BA175 /* SongLibraryCell.swift in Sources */,
				6248379E1CF44F310008CA1E /* EZAudioPlotGL.m in Sources */,
				6224AD0F1CBC9E8C00DC1BF9 /* AARegular.swift in Sources */,
				624837A11CF44F310008CA1E /* EZOutput.m in Sources */,
				625EC15A1CB41523009BA175 /* HistoryCell.swift in Sources */,
				624837971CF44F310008CA1E /* EZAudioDisplayLink.m in Sources */,
				62FFC2F81CCB5CDD0073EBD3 /* AAUser.swift in Sources */,
				625EC1521CB3F303009BA175 /* ChosenSongCell.swift in Sources */,
				629CD5421CD8CB23001F7D84 /* User.swift in Sources */,
				629CD53E1CD8CA71001F7D84 /* DatabaseModel.xcdatamodeld in Sources */,
				629611B31CC9EDA200724A84 /* AANumber.swift in Sources */,
				6248379C1CF44F310008CA1E /* EZAudioPlayer.m in Sources */,
				629611B81CCA020400724A84 /* ThirdPartyLoginModel.swift in Sources */,
				625EC15E1CB41B47009BA175 /* RankingViewController.swift in Sources */,
				628F5CFF1CFCF28700854448 /* Song.m in Sources */,
				6248379B1CF44F310008CA1E /* EZAudioFloatData.m in Sources */,
				E7C079EE1CF2EE4F00E9948C /* SongHelper.swift in Sources */,
				623C81EB1CAE4F8E00A6A3D5 /* SingUpViewController.swift in Sources */,
				629CD5411CD8CB23001F7D84 /* User+CoreDataProperties.swift in Sources */,
				625EC1541CB40A81009BA175 /* RecommendationViewContainerController.swift in Sources */,
				6222D7531CAFEE7800F46C44 /* ChosenSongsLibraryViewContainerController.swift in Sources */,
				62A2A06C1CAE213E00B2D4DC /* AppDelegate.swift in Sources */,
				624837981CF44F310008CA1E /* EZAudioFFT.m in Sources */,
				E7C079E81CF2EE4100E9948C /* Stream.swift in Sources */,
				E7C079F61CF2EE8100E9948C /* PlayViewController.swift in Sources */,
				E7C079EA1CF2EE4100E9948C /* Song.swift in Sources */,
			);
			runOnlyForDeploymentPostprocessing = 0;
		};
		62A2A0781CAE213F00B2D4DC /* Sources */ = {
			isa = PBXSourcesBuildPhase;
			buildActionMask = 2147483647;
			files = (
				62A2A0811CAE213F00B2D4DC /* CarolsTests.swift in Sources */,
			);
			runOnlyForDeploymentPostprocessing = 0;
		};
		62A2A0831CAE213F00B2D4DC /* Sources */ = {
			isa = PBXSourcesBuildPhase;
			buildActionMask = 2147483647;
			files = (
				62A2A08C1CAE213F00B2D4DC /* CarolsUITests.swift in Sources */,
			);
			runOnlyForDeploymentPostprocessing = 0;
		};
/* End PBXSourcesBuildPhase section */

/* Begin PBXTargetDependency section */
		62A2A07E1CAE213F00B2D4DC /* PBXTargetDependency */ = {
			isa = PBXTargetDependency;
			target = 62A2A0671CAE213E00B2D4DC /* Carols */;
			targetProxy = 62A2A07D1CAE213F00B2D4DC /* PBXContainerItemProxy */;
		};
		62A2A0891CAE213F00B2D4DC /* PBXTargetDependency */ = {
			isa = PBXTargetDependency;
			target = 62A2A0671CAE213E00B2D4DC /* Carols */;
			targetProxy = 62A2A0881CAE213F00B2D4DC /* PBXContainerItemProxy */;
		};
/* End PBXTargetDependency section */

/* Begin PBXVariantGroup section */
		62A2A06F1CAE213E00B2D4DC /* Main.storyboard */ = {
			isa = PBXVariantGroup;
			children = (
				62A2A0701CAE213E00B2D4DC /* Base */,
			);
			name = Main.storyboard;
			sourceTree = "<group>";
		};
		62A2A0741CAE213E00B2D4DC /* LaunchScreen.storyboard */ = {
			isa = PBXVariantGroup;
			children = (
				62A2A0751CAE213E00B2D4DC /* Base */,
			);
			name = LaunchScreen.storyboard;
			sourceTree = "<group>";
		};
/* End PBXVariantGroup section */

/* Begin XCBuildConfiguration section */
		62A2A08E1CAE213F00B2D4DC /* Debug */ = {
			isa = XCBuildConfiguration;
			buildSettings = {
				ALWAYS_SEARCH_USER_PATHS = NO;
				CLANG_ANALYZER_NONNULL = YES;
				CLANG_CXX_LANGUAGE_STANDARD = "gnu++0x";
				CLANG_CXX_LIBRARY = "libc++";
				CLANG_ENABLE_MODULES = YES;
				CLANG_ENABLE_OBJC_ARC = YES;
				CLANG_WARN_BOOL_CONVERSION = YES;
				CLANG_WARN_CONSTANT_CONVERSION = YES;
				CLANG_WARN_DIRECT_OBJC_ISA_USAGE = YES_ERROR;
				CLANG_WARN_EMPTY_BODY = YES;
				CLANG_WARN_ENUM_CONVERSION = YES;
				CLANG_WARN_INT_CONVERSION = YES;
				CLANG_WARN_OBJC_ROOT_CLASS = YES_ERROR;
				CLANG_WARN_UNREACHABLE_CODE = YES;
				CLANG_WARN__DUPLICATE_METHOD_MATCH = YES;
				"CODE_SIGN_IDENTITY[sdk=iphoneos*]" = "iPhone Developer";
				COPY_PHASE_STRIP = NO;
				DEBUG_INFORMATION_FORMAT = dwarf;
				ENABLE_STRICT_OBJC_MSGSEND = YES;
				ENABLE_TESTABILITY = YES;
				GCC_C_LANGUAGE_STANDARD = gnu99;
				GCC_DYNAMIC_NO_PIC = NO;
				GCC_NO_COMMON_BLOCKS = YES;
				GCC_OPTIMIZATION_LEVEL = 0;
				GCC_PREPROCESSOR_DEFINITIONS = (
					"DEBUG=1",
					"$(inherited)",
				);
				GCC_WARN_64_TO_32_BIT_CONVERSION = YES;
				GCC_WARN_ABOUT_RETURN_TYPE = YES_ERROR;
				GCC_WARN_UNDECLARED_SELECTOR = YES;
				GCC_WARN_UNINITIALIZED_AUTOS = YES_AGGRESSIVE;
				GCC_WARN_UNUSED_FUNCTION = YES;
				GCC_WARN_UNUSED_VARIABLE = YES;
				IPHONEOS_DEPLOYMENT_TARGET = 9.3;
				MTL_ENABLE_DEBUG_INFO = YES;
				ONLY_ACTIVE_ARCH = YES;
				SDKROOT = iphoneos;
				SWIFT_OPTIMIZATION_LEVEL = "-Onone";
			};
			name = Debug;
		};
		62A2A08F1CAE213F00B2D4DC /* Release */ = {
			isa = XCBuildConfiguration;
			buildSettings = {
				ALWAYS_SEARCH_USER_PATHS = NO;
				CLANG_ANALYZER_NONNULL = YES;
				CLANG_CXX_LANGUAGE_STANDARD = "gnu++0x";
				CLANG_CXX_LIBRARY = "libc++";
				CLANG_ENABLE_MODULES = YES;
				CLANG_ENABLE_OBJC_ARC = YES;
				CLANG_WARN_BOOL_CONVERSION = YES;
				CLANG_WARN_CONSTANT_CONVERSION = YES;
				CLANG_WARN_DIRECT_OBJC_ISA_USAGE = YES_ERROR;
				CLANG_WARN_EMPTY_BODY = YES;
				CLANG_WARN_ENUM_CONVERSION = YES;
				CLANG_WARN_INT_CONVERSION = YES;
				CLANG_WARN_OBJC_ROOT_CLASS = YES_ERROR;
				CLANG_WARN_UNREACHABLE_CODE = YES;
				CLANG_WARN__DUPLICATE_METHOD_MATCH = YES;
				"CODE_SIGN_IDENTITY[sdk=iphoneos*]" = "iPhone Developer";
				COPY_PHASE_STRIP = NO;
				DEBUG_INFORMATION_FORMAT = "dwarf-with-dsym";
				ENABLE_NS_ASSERTIONS = NO;
				ENABLE_STRICT_OBJC_MSGSEND = YES;
				GCC_C_LANGUAGE_STANDARD = gnu99;
				GCC_NO_COMMON_BLOCKS = YES;
				GCC_WARN_64_TO_32_BIT_CONVERSION = YES;
				GCC_WARN_ABOUT_RETURN_TYPE = YES_ERROR;
				GCC_WARN_UNDECLARED_SELECTOR = YES;
				GCC_WARN_UNINITIALIZED_AUTOS = YES_AGGRESSIVE;
				GCC_WARN_UNUSED_FUNCTION = YES;
				GCC_WARN_UNUSED_VARIABLE = YES;
				IPHONEOS_DEPLOYMENT_TARGET = 9.3;
				MTL_ENABLE_DEBUG_INFO = NO;
				SDKROOT = iphoneos;
				VALIDATE_PRODUCT = YES;
			};
			name = Release;
		};
		62A2A0911CAE213F00B2D4DC /* Debug */ = {
			isa = XCBuildConfiguration;
			baseConfigurationReference = 7C0B0EE4A25643C739A4F4DB /* Pods-Carols.debug.xcconfig */;
			buildSettings = {
				ASSETCATALOG_COMPILER_APPICON_NAME = AppIcon;
				INFOPLIST_FILE = Carols/Info.plist;
				LD_RUNPATH_SEARCH_PATHS = "$(inherited) @executable_path/Frameworks";
				OTHER_LDFLAGS = (
					"$(inherited)",
					"-ObjC",
					"-l\"WeChatSDK\"",
					"-l\"WeiboSDK\"",
					"-l\"icucore\"",
					"-l\"sqlite3\"",
					"-l\"stdc++\"",
					"-l\"z\"",
					"-l\"z.1.2.5\"",
					"-framework",
					"\"CocoaAsyncSocket\"",
					"-framework",
					"\"ImageIO\"",
					"-framework",
					"\"JavaScriptCore\"",
					"-framework",
					"\"MOBFoundation\"",
					"-framework",
					"\"PageMenu\"",
					"-framework",
					"\"ShareSDK\"",
					"-framework",
					"\"ShareSDKConnector\"",
					"-framework",
					"\"ShareSDKExtension\"",
					"-framework",
					"\"ShareSDKUI\"",
					"-framework",
					"\"SlideMenuControllerSwift\"",
					"-framework",
					"\"SnapKit\"",
					"-framework",
					"\"SwiftyBeaver\"",
					"-framework",
					"\"TencentOpenAPI\"",
					"-framework",
					"\"UIKit\"",
					"-fobjc-arc",
				);
				PRODUCT_BUNDLE_IDENTIFIER = com.fowafolo.Carols;
				PRODUCT_NAME = "$(TARGET_NAME)";
				SWIFT_OBJC_BRIDGING_HEADER = Carols/BridgeHeader.h;
			};
			name = Debug;
		};
		62A2A0921CAE213F00B2D4DC /* Release */ = {
			isa = XCBuildConfiguration;
			baseConfigurationReference = 7179656382A29027B25697E9 /* Pods-Carols.release.xcconfig */;
			buildSettings = {
				ASSETCATALOG_COMPILER_APPICON_NAME = AppIcon;
				INFOPLIST_FILE = Carols/Info.plist;
				LD_RUNPATH_SEARCH_PATHS = "$(inherited) @executable_path/Frameworks";
				OTHER_LDFLAGS = (
					"$(inherited)",
					"-ObjC",
					"-l\"WeChatSDK\"",
					"-l\"WeiboSDK\"",
					"-l\"icucore\"",
					"-l\"sqlite3\"",
					"-l\"stdc++\"",
					"-l\"z\"",
					"-l\"z.1.2.5\"",
					"-framework",
					"\"CocoaAsyncSocket\"",
					"-framework",
					"\"ImageIO\"",
					"-framework",
					"\"JavaScriptCore\"",
					"-framework",
					"\"MOBFoundation\"",
					"-framework",
					"\"PageMenu\"",
					"-framework",
					"\"ShareSDK\"",
					"-framework",
					"\"ShareSDKConnector\"",
					"-framework",
					"\"ShareSDKExtension\"",
					"-framework",
					"\"ShareSDKUI\"",
					"-framework",
					"\"SlideMenuControllerSwift\"",
					"-framework",
					"\"SnapKit\"",
					"-framework",
					"\"SwiftyBeaver\"",
					"-framework",
					"\"TencentOpenAPI\"",
					"-framework",
					"\"UIKit\"",
					"-fobjc-arc",
				);
				PRODUCT_BUNDLE_IDENTIFIER = com.fowafolo.Carols;
				PRODUCT_NAME = "$(TARGET_NAME)";
				SWIFT_OBJC_BRIDGING_HEADER = Carols/BridgeHeader.h;
			};
			name = Release;
		};
		62A2A0941CAE213F00B2D4DC /* Debug */ = {
			isa = XCBuildConfiguration;
			buildSettings = {
				BUNDLE_LOADER = "$(TEST_HOST)";
				INFOPLIST_FILE = CarolsTests/Info.plist;
				LD_RUNPATH_SEARCH_PATHS = "$(inherited) @executable_path/Frameworks @loader_path/Frameworks";
				PRODUCT_BUNDLE_IDENTIFIER = com.fowafolo.CarolsTests;
				PRODUCT_NAME = "$(TARGET_NAME)";
				TEST_HOST = "$(BUILT_PRODUCTS_DIR)/Carols.app/Carols";
			};
			name = Debug;
		};
		62A2A0951CAE213F00B2D4DC /* Release */ = {
			isa = XCBuildConfiguration;
			buildSettings = {
				BUNDLE_LOADER = "$(TEST_HOST)";
				INFOPLIST_FILE = CarolsTests/Info.plist;
				LD_RUNPATH_SEARCH_PATHS = "$(inherited) @executable_path/Frameworks @loader_path/Frameworks";
				PRODUCT_BUNDLE_IDENTIFIER = com.fowafolo.CarolsTests;
				PRODUCT_NAME = "$(TARGET_NAME)";
				TEST_HOST = "$(BUILT_PRODUCTS_DIR)/Carols.app/Carols";
			};
			name = Release;
		};
		62A2A0971CAE213F00B2D4DC /* Debug */ = {
			isa = XCBuildConfiguration;
			buildSettings = {
				INFOPLIST_FILE = CarolsUITests/Info.plist;
				LD_RUNPATH_SEARCH_PATHS = "$(inherited) @executable_path/Frameworks @loader_path/Frameworks";
				PRODUCT_BUNDLE_IDENTIFIER = com.fowafolo.CarolsUITests;
				PRODUCT_NAME = "$(TARGET_NAME)";
				TEST_TARGET_NAME = Carols;
			};
			name = Debug;
		};
		62A2A0981CAE213F00B2D4DC /* Release */ = {
			isa = XCBuildConfiguration;
			buildSettings = {
				INFOPLIST_FILE = CarolsUITests/Info.plist;
				LD_RUNPATH_SEARCH_PATHS = "$(inherited) @executable_path/Frameworks @loader_path/Frameworks";
				PRODUCT_BUNDLE_IDENTIFIER = com.fowafolo.CarolsUITests;
				PRODUCT_NAME = "$(TARGET_NAME)";
				TEST_TARGET_NAME = Carols;
			};
			name = Release;
		};
/* End XCBuildConfiguration section */

/* Begin XCConfigurationList section */
		62A2A0631CAE213E00B2D4DC /* Build configuration list for PBXProject "Carols" */ = {
			isa = XCConfigurationList;
			buildConfigurations = (
				62A2A08E1CAE213F00B2D4DC /* Debug */,
				62A2A08F1CAE213F00B2D4DC /* Release */,
			);
			defaultConfigurationIsVisible = 0;
			defaultConfigurationName = Release;
		};
		62A2A0901CAE213F00B2D4DC /* Build configuration list for PBXNativeTarget "Carols" */ = {
			isa = XCConfigurationList;
			buildConfigurations = (
				62A2A0911CAE213F00B2D4DC /* Debug */,
				62A2A0921CAE213F00B2D4DC /* Release */,
			);
			defaultConfigurationIsVisible = 0;
			defaultConfigurationName = Release;
		};
		62A2A0931CAE213F00B2D4DC /* Build configuration list for PBXNativeTarget "CarolsTests" */ = {
			isa = XCConfigurationList;
			buildConfigurations = (
				62A2A0941CAE213F00B2D4DC /* Debug */,
				62A2A0951CAE213F00B2D4DC /* Release */,
			);
			defaultConfigurationIsVisible = 0;
			defaultConfigurationName = Release;
		};
		62A2A0961CAE213F00B2D4DC /* Build configuration list for PBXNativeTarget "CarolsUITests" */ = {
			isa = XCConfigurationList;
			buildConfigurations = (
				62A2A0971CAE213F00B2D4DC /* Debug */,
				62A2A0981CAE213F00B2D4DC /* Release */,
			);
			defaultConfigurationIsVisible = 0;
			defaultConfigurationName = Release;
		};
/* End XCConfigurationList section */

/* Begin XCVersionGroup section */
		629CD53C1CD8CA71001F7D84 /* DatabaseModel.xcdatamodeld */ = {
			isa = XCVersionGroup;
			children = (
				629CD53D1CD8CA71001F7D84 /* DatabaseModel.xcdatamodel */,
			);
			currentVersion = 629CD53D1CD8CA71001F7D84 /* DatabaseModel.xcdatamodel */;
			path = DatabaseModel.xcdatamodeld;
			sourceTree = "<group>";
			versionGroupType = wrapper.xcdatamodel;
		};
/* End XCVersionGroup section */
	};
	rootObject = 62A2A0601CAE213E00B2D4DC /* Project object */;
}
