PODS:
  - PageMenu (1.2.9)
  - SlideMenuControllerSwift (2.1.0)
  - SnapKit (0.15.0)
  - SwiftyBeaver (0.4.2)

DEPENDENCIES:
  - PageMenu
  - SlideMenuControllerSwift
  - SnapKit (~> 0.15.0)
  - SwiftyBeaver

SPEC CHECKSUMS:
  PageMenu: ba19ff267f7a19e444e93c20a7847b78954a7011
  SlideMenuControllerSwift: 0ed532750dc8574eefda189d0f25805bc967ab7a
  SnapKit: 4962eed2ee18e48cbd2b2292fffc57efe7235f87
  SwiftyBeaver: 3eced9aabe4f10b975453cc1baaa2d523a5eaeae

COCOAPODS: 0.39.0
