// !$*UTF8*$!
{
	archiveVersion = 1;
	classes = {
	};
	objectVersion = 46;
	objects = {

/* Begin PBXBuildFile section */
		62D734C61C9A3288009FE1DB /* AppDelegate.swift in Sources */ = {isa = PBXBuildFile; fileRef = 62D734C51C9A3288009FE1DB /* AppDelegate.swift */; };
		62D734C81C9A3288009FE1DB /* ViewController.swift in Sources */ = {isa = PBXBuildFile; fileRef = 62D734C71C9A3288009FE1DB /* ViewController.swift */; };
		62D734CB1C9A3288009FE1DB /* Main.storyboard in Resources */ = {isa = PBXBuildFile; fileRef = 62D734C91C9A3288009FE1DB /* Main.storyboard */; };
		62D734CD1C9A3288009FE1DB /* Assets.xcassets in Resources */ = {isa = PBXBuildFile; fileRef = 62D734CC1C9A3288009FE1DB /* Assets.xcassets */; };
		62D734D01C9A3288009FE1DB /* LaunchScreen.storyboard in Resources */ = {isa = PBXBuildFile; fileRef = 62D734CE1C9A3288009FE1DB /* LaunchScreen.storyboard */; };
		62D734DB1C9A3288009FE1DB /* AutopiaTests.swift in Sources */ = {isa = PBXBuildFile; fileRef = 62D734DA1C9A3288009FE1DB /* AutopiaTests.swift */; };
		62D734E61C9A3288009FE1DB /* AutopiaUITests.swift in Sources */ = {isa = PBXBuildFile; fileRef = 62D734E51C9A3288009FE1DB /* AutopiaUITests.swift */; };
		D6AFF54BED7B48CBC575F37D /* Pods_Autopia.framework in Frameworks */ = {isa = PBXBuildFile; fileRef = D68E59AA4B197B86DC378FDF /* Pods_Autopia.framework */; };
/* End PBXBuildFile section */

/* Begin PBXContainerItemProxy section */
		62D734D71C9A3288009FE1DB /* PBXContainerItemProxy */ = {
			isa = PBXContainerItemProxy;
			containerPortal = 62D734BA1C9A3288009FE1DB /* Project object */;
			proxyType = 1;
			remoteGlobalIDString = 62D734C11C9A3288009FE1DB;
			remoteInfo = Autopia;
		};
		62D734E21C9A3288009FE1DB /* PBXContainerItemProxy */ = {
			isa = PBXContainerItemProxy;
			containerPortal = 62D734BA1C9A3288009FE1DB /* Project object */;
			proxyType = 1;
			remoteGlobalIDString = 62D734C11C9A3288009FE1DB;
			remoteInfo = Autopia;
		};
/* End PBXContainerItemProxy section */

/* Begin PBXFileReference section */
		62D734C21C9A3288009FE1DB /* Autopia.app */ = {isa = PBXFileReference; explicitFileType = wrapper.application; includeInIndex = 0; path = Autopia.app; sourceTree = BUILT_PRODUCTS_DIR; };
		62D734C51C9A3288009FE1DB /* AppDelegate.swift */ = {isa = PBXFileReference; lastKnownFileType = sourcecode.swift; path = AppDelegate.swift; sourceTree = "<group>"; };
		62D734C71C9A3288009FE1DB /* ViewController.swift */ = {isa = PBXFileReference; lastKnownFileType = sourcecode.swift; path = ViewController.swift; sourceTree = "<group>"; };
		62D734CA1C9A3288009FE1DB /* Base */ = {isa = PBXFileReference; lastKnownFileType = file.storyboard; name = Base; path = Base.lproj/Main.storyboard; sourceTree = "<group>"; };
		62D734CC1C9A3288009FE1DB /* Assets.xcassets */ = {isa = PBXFileReference; lastKnownFileType = folder.assetcatalog; path = Assets.xcassets; sourceTree = "<group>"; };
		62D734CF1C9A3288009FE1DB /* Base */ = {isa = PBXFileReference; lastKnownFileType = file.storyboard; name = Base; path = Base.lproj/LaunchScreen.storyboard; sourceTree = "<group>"; };
		62D734D11C9A3288009FE1DB /* Info.plist */ = {isa = PBXFileReference; lastKnownFileType = text.plist.xml; path = Info.plist; sourceTree = "<group>"; };
		62D734D61C9A3288009FE1DB /* AutopiaTests.xctest */ = {isa = PBXFileReference; explicitFileType = wrapper.cfbundle; includeInIndex = 0; path = AutopiaTests.xctest; sourceTree = BUILT_PRODUCTS_DIR; };
		62D734DA1C9A3288009FE1DB /* AutopiaTests.swift */ = {isa = PBXFileReference; lastKnownFileType = sourcecode.swift; path = AutopiaTests.swift; sourceTree = "<group>"; };
		62D734DC1C9A3288009FE1DB /* Info.plist */ = {isa = PBXFileReference; lastKnownFileType = text.plist.xml; path = Info.plist; sourceTree = "<group>"; };
		62D734E11C9A3288009FE1DB /* AutopiaUITests.xctest */ = {isa = PBXFileReference; explicitFileType = wrapper.cfbundle; includeInIndex = 0; path = AutopiaUITests.xctest; sourceTree = BUILT_PRODUCTS_DIR; };
		62D734E51C9A3288009FE1DB /* AutopiaUITests.swift */ = {isa = PBXFileReference; lastKnownFileType = sourcecode.swift; path = AutopiaUITests.swift; sourceTree = "<group>"; };
		62D734E71C9A3288009FE1DB /* Info.plist */ = {isa = PBXFileReference; lastKnownFileType = text.plist.xml; path = Info.plist; sourceTree = "<group>"; };
		85715DCE908AF7BCA3283756 /* Pods-Autopia.release.xcconfig */ = {isa = PBXFileReference; includeInIndex = 1; lastKnownFileType = text.xcconfig; name = "Pods-Autopia.release.xcconfig"; path = "Pods/Target Support Files/Pods-Autopia/Pods-Autopia.release.xcconfig"; sourceTree = "<group>"; };
		D68E59AA4B197B86DC378FDF /* Pods_Autopia.framework */ = {isa = PBXFileReference; explicitFileType = wrapper.framework; includeInIndex = 0; path = Pods_Autopia.framework; sourceTree = BUILT_PRODUCTS_DIR; };
		E1F1F2A4F92A4BB7DE3EA414 /* Pods-Autopia.debug.xcconfig */ = {isa = PBXFileReference; includeInIndex = 1; lastKnownFileType = text.xcconfig; name = "Pods-Autopia.debug.xcconfig"; path = "Pods/Target Support Files/Pods-Autopia/Pods-Autopia.debug.xcconfig"; sourceTree = "<group>"; };
/* End PBXFileReference section */

/* Begin PBXFrameworksBuildPhase section */
		62D734BF1C9A3288009FE1DB /* Frameworks */ = {
			isa = PBXFrameworksBuildPhase;
			buildActionMask = 2147483647;
			files = (
				D6AFF54BED7B48CBC575F37D /* Pods_Autopia.framework in Frameworks */,
			);
			runOnlyForDeploymentPostprocessing = 0;
		};
		62D734D31C9A3288009FE1DB /* Frameworks */ = {
			isa = PBXFrameworksBuildPhase;
			buildActionMask = 2147483647;
			files = (
			);
			runOnlyForDeploymentPostprocessing = 0;
		};
		62D734DE1C9A3288009FE1DB /* Frameworks */ = {
			isa = PBXFrameworksBuildPhase;
			buildActionMask = 2147483647;
			files = (
			);
			runOnlyForDeploymentPostprocessing = 0;
		};
/* End PBXFrameworksBuildPhase section */

/* Begin PBXGroup section */
		62D734B91C9A3288009FE1DB = {
			isa = PBXGroup;
			children = (
				62D734C41C9A3288009FE1DB /* Autopia */,
				62D734D91C9A3288009FE1DB /* AutopiaTests */,
				62D734E41C9A3288009FE1DB /* AutopiaUITests */,
				62D734C31C9A3288009FE1DB /* Products */,
				F1FA6985566D0626A347468C /* Pods */,
				E6529146D0F1A1BC9DF268F0 /* Frameworks */,
			);
			sourceTree = "<group>";
		};
		62D734C31C9A3288009FE1DB /* Products */ = {
			isa = PBXGroup;
			children = (
				62D734C21C9A3288009FE1DB /* Autopia.app */,
				62D734D61C9A3288009FE1DB /* AutopiaTests.xctest */,
				62D734E11C9A3288009FE1DB /* AutopiaUITests.xctest */,
			);
			name = Products;
			sourceTree = "<group>";
		};
		62D734C41C9A3288009FE1DB /* Autopia */ = {
			isa = PBXGroup;
			children = (
				62D734C51C9A3288009FE1DB /* AppDelegate.swift */,
				62D734C71C9A3288009FE1DB /* ViewController.swift */,
				62D734C91C9A3288009FE1DB /* Main.storyboard */,
				62D734CC1C9A3288009FE1DB /* Assets.xcassets */,
				62D734CE1C9A3288009FE1DB /* LaunchScreen.storyboard */,
				62D734D11C9A3288009FE1DB /* Info.plist */,
			);
			path = Autopia;
			sourceTree = "<group>";
		};
		62D734D91C9A3288009FE1DB /* AutopiaTests */ = {
			isa = PBXGroup;
			children = (
				62D734DA1C9A3288009FE1DB /* AutopiaTests.swift */,
				62D734DC1C9A3288009FE1DB /* Info.plist */,
			);
			path = AutopiaTests;
			sourceTree = "<group>";
		};
		62D734E41C9A3288009FE1DB /* AutopiaUITests */ = {
			isa = PBXGroup;
			children = (
				62D734E51C9A3288009FE1DB /* AutopiaUITests.swift */,
				62D734E71C9A3288009FE1DB /* Info.plist */,
			);
			path = AutopiaUITests;
			sourceTree = "<group>";
		};
		E6529146D0F1A1BC9DF268F0 /* Frameworks */ = {
			isa = PBXGroup;
			children = (
				D68E59AA4B197B86DC378FDF /* Pods_Autopia.framework */,
			);
			name = Frameworks;
			sourceTree = "<group>";
		};
		F1FA6985566D0626A347468C /* Pods */ = {
			isa = PBXGroup;
			children = (
				E1F1F2A4F92A4BB7DE3EA414 /* Pods-Autopia.debug.xcconfig */,
				85715DCE908AF7BCA3283756 /* Pods-Autopia.release.xcconfig */,
			);
			name = Pods;
			sourceTree = "<group>";
		};
/* End PBXGroup section */

/* Begin PBXNativeTarget section */
		62D734C11C9A3288009FE1DB /* Autopia */ = {
			isa = PBXNativeTarget;
			buildConfigurationList = 62D734EA1C9A3288009FE1DB /* Build configuration list for PBXNativeTarget "Autopia" */;
			buildPhases = (
				00B5DE02945653A4D65350A1 /* Check Pods Manifest.lock */,
				62D734BE1C9A3288009FE1DB /* Sources */,
				62D734BF1C9A3288009FE1DB /* Frameworks */,
				62D734C01C9A3288009FE1DB /* Resources */,
				787D072CF4B8AE7CD0269A80 /* Embed Pods Frameworks */,
				FEE58C5D0A285D628B574837 /* Copy Pods Resources */,
			);
			buildRules = (
			);
			dependencies = (
			);
			name = Autopia;
			productName = Autopia;
			productReference = 62D734C21C9A3288009FE1DB /* Autopia.app */;
			productType = "com.apple.product-type.application";
		};
		62D734D51C9A3288009FE1DB /* AutopiaTests */ = {
			isa = PBXNativeTarget;
			buildConfigurationList = 62D734ED1C9A3288009FE1DB /* Build configuration list for PBXNativeTarget "AutopiaTests" */;
			buildPhases = (
				62D734D21C9A3288009FE1DB /* Sources */,
				62D734D31C9A3288009FE1DB /* Frameworks */,
				62D734D41C9A3288009FE1DB /* Resources */,
			);
			buildRules = (
			);
			dependencies = (
				62D734D81C9A3288009FE1DB /* PBXTargetDependency */,
			);
			name = AutopiaTests;
			productName = AutopiaTests;
			productReference = 62D734D61C9A3288009FE1DB /* AutopiaTests.xctest */;
			productType = "com.apple.product-type.bundle.unit-test";
		};
		62D734E01C9A3288009FE1DB /* AutopiaUITests */ = {
			isa = PBXNativeTarget;
			buildConfigurationList = 62D734F01C9A3288009FE1DB /* Build configuration list for PBXNativeTarget "AutopiaUITests" */;
			buildPhases = (
				62D734DD1C9A3288009FE1DB /* Sources */,
				62D734DE1C9A3288009FE1DB /* Frameworks */,
				62D734DF1C9A3288009FE1DB /* Resources */,
			);
			buildRules = (
			);
			dependencies = (
				62D734E31C9A3288009FE1DB /* PBXTargetDependency */,
			);
			name = AutopiaUITests;
			productName = AutopiaUITests;
			productReference = 62D734E11C9A3288009FE1DB /* AutopiaUITests.xctest */;
			productType = "com.apple.product-type.bundle.ui-testing";
		};
/* End PBXNativeTarget section */

/* Begin PBXProject section */
		62D734BA1C9A3288009FE1DB /* Project object */ = {
			isa = PBXProject;
			attributes = {
				LastSwiftUpdateCheck = 0720;
				LastUpgradeCheck = 0720;
				ORGANIZATIONNAME = TAC;
				TargetAttributes = {
					62D734C11C9A3288009FE1DB = {
						CreatedOnToolsVersion = 7.2.1;
					};
					62D734D51C9A3288009FE1DB = {
						CreatedOnToolsVersion = 7.2.1;
						TestTargetID = 62D734C11C9A3288009FE1DB;
					};
					62D734E01C9A3288009FE1DB = {
						CreatedOnToolsVersion = 7.2.1;
						TestTargetID = 62D734C11C9A3288009FE1DB;
					};
				};
			};
			buildConfigurationList = 62D734BD1C9A3288009FE1DB /* Build configuration list for PBXProject "Autopia" */;
			compatibilityVersion = "Xcode 3.2";
			developmentRegion = English;
			hasScannedForEncodings = 0;
			knownRegions = (
				en,
				Base,
			);
			mainGroup = 62D734B91C9A3288009FE1DB;
			productRefGroup = 62D734C31C9A3288009FE1DB /* Products */;
			projectDirPath = "";
			projectRoot = "";
			targets = (
				62D734C11C9A3288009FE1DB /* Autopia */,
				62D734D51C9A3288009FE1DB /* AutopiaTests */,
				62D734E01C9A3288009FE1DB /* AutopiaUITests */,
			);
		};
/* End PBXProject section */

/* Begin PBXResourcesBuildPhase section */
		62D734C01C9A3288009FE1DB /* Resources */ = {
			isa = PBXResourcesBuildPhase;
			buildActionMask = 2147483647;
			files = (
				62D734D01C9A3288009FE1DB /* LaunchScreen.storyboard in Resources */,
				62D734CD1C9A3288009FE1DB /* Assets.xcassets in Resources */,
				62D734CB1C9A3288009FE1DB /* Main.storyboard in Resources */,
			);
			runOnlyForDeploymentPostprocessing = 0;
		};
		62D734D41C9A3288009FE1DB /* Resources */ = {
			isa = PBXResourcesBuildPhase;
			buildActionMask = 2147483647;
			files = (
			);
			runOnlyForDeploymentPostprocessing = 0;
		};
		62D734DF1C9A3288009FE1DB /* Resources */ = {
			isa = PBXResourcesBuildPhase;
			buildActionMask = 2147483647;
			files = (
			);
			runOnlyForDeploymentPostprocessing = 0;
		};
/* End PBXResourcesBuildPhase section */

/* Begin PBXShellScriptBuildPhase section */
		00B5DE02945653A4D65350A1 /* Check Pods Manifest.lock */ = {
			isa = PBXShellScriptBuildPhase;
			buildActionMask = 2147483647;
			files = (
			);
			inputPaths = (
			);
			name = "Check Pods Manifest.lock";
			outputPaths = (
			);
			runOnlyForDeploymentPostprocessing = 0;
			shellPath = /bin/sh;
			shellScript = "diff \"${PODS_ROOT}/../Podfile.lock\" \"${PODS_ROOT}/Manifest.lock\" > /dev/null\nif [[ $? != 0 ]] ; then\n    cat << EOM\nerror: The sandbox is not in sync with the Podfile.lock. Run 'pod install' or update your CocoaPods installation.\nEOM\n    exit 1\nfi\n";
			showEnvVarsInLog = 0;
		};
		787D072CF4B8AE7CD0269A80 /* Embed Pods Frameworks */ = {
			isa = PBXShellScriptBuildPhase;
			buildActionMask = 2147483647;
			files = (
			);
			inputPaths = (
			);
			name = "Embed Pods Frameworks";
			outputPaths = (
			);
			runOnlyForDeploymentPostprocessing = 0;
			shellPath = /bin/sh;
			shellScript = "\"${SRCROOT}/Pods/Target Support Files/Pods-Autopia/Pods-Autopia-frameworks.sh\"\n";
			showEnvVarsInLog = 0;
		};
		FEE58C5D0A285D628B574837 /* Copy Pods Resources */ = {
			isa = PBXShellScriptBuildPhase;
			buildActionMask = 2147483647;
			files = (
			);
			inputPaths = (
			);
			name = "Copy Pods Resources";
			outputPaths = (
			);
			runOnlyForDeploymentPostprocessing = 0;
			shellPath = /bin/sh;
			shellScript = "\"${SRCROOT}/Pods/Target Support Files/Pods-Autopia/Pods-Autopia-resources.sh\"\n";
			showEnvVarsInLog = 0;
		};
/* End PBXShellScriptBuildPhase section */

/* Begin PBXSourcesBuildPhase section */
		62D734BE1C9A3288009FE1DB /* Sources */ = {
			isa = PBXSourcesBuildPhase;
			buildActionMask = 2147483647;
			files = (
				62D734C81C9A3288009FE1DB /* ViewController.swift in Sources */,
				62D734C61C9A3288009FE1DB /* AppDelegate.swift in Sources */,
			);
			runOnlyForDeploymentPostprocessing = 0;
		};
		62D734D21C9A3288009FE1DB /* Sources */ = {
			isa = PBXSourcesBuildPhase;
			buildActionMask = 2147483647;
			files = (
				62D734DB1C9A3288009FE1DB /* AutopiaTests.swift in Sources */,
			);
			runOnlyForDeploymentPostprocessing = 0;
		};
		62D734DD1C9A3288009FE1DB /* Sources */ = {
			isa = PBXSourcesBuildPhase;
			buildActionMask = 2147483647;
			files = (
				62D734E61C9A3288009FE1DB /* AutopiaUITests.swift in Sources */,
			);
			runOnlyForDeploymentPostprocessing = 0;
		};
/* End PBXSourcesBuildPhase section */

/* Begin PBXTargetDependency section */
		62D734D81C9A3288009FE1DB /* PBXTargetDependency */ = {
			isa = PBXTargetDependency;
			target = 62D734C11C9A3288009FE1DB /* Autopia */;
			targetProxy = 62D734D71C9A3288009FE1DB /* PBXContainerItemProxy */;
		};
		62D734E31C9A3288009FE1DB /* PBXTargetDependency */ = {
			isa = PBXTargetDependency;
			target = 62D734C11C9A3288009FE1DB /* Autopia */;
			targetProxy = 62D734E21C9A3288009FE1DB /* PBXContainerItemProxy */;
		};
/* End PBXTargetDependency section */

/* Begin PBXVariantGroup section */
		62D734C91C9A3288009FE1DB /* Main.storyboard */ = {
			isa = PBXVariantGroup;
			children = (
				62D734CA1C9A3288009FE1DB /* Base */,
			);
			name = Main.storyboard;
			sourceTree = "<group>";
		};
		62D734CE1C9A3288009FE1DB /* LaunchScreen.storyboard */ = {
			isa = PBXVariantGroup;
			children = (
				62D734CF1C9A3288009FE1DB /* Base */,
			);
			name = LaunchScreen.storyboard;
			sourceTree = "<group>";
		};
/* End PBXVariantGroup section */

/* Begin XCBuildConfiguration section */
		62D734E81C9A3288009FE1DB /* Debug */ = {
			isa = XCBuildConfiguration;
			buildSettings = {
				ALWAYS_SEARCH_USER_PATHS = NO;
				CLANG_CXX_LANGUAGE_STANDARD = "gnu++0x";
				CLANG_CXX_LIBRARY = "libc++";
				CLANG_ENABLE_MODULES = YES;
				CLANG_ENABLE_OBJC_ARC = YES;
				CLANG_WARN_BOOL_CONVERSION = YES;
				CLANG_WARN_CONSTANT_CONVERSION = YES;
				CLANG_WARN_DIRECT_OBJC_ISA_USAGE = YES_ERROR;
				CLANG_WARN_EMPTY_BODY = YES;
				CLANG_WARN_ENUM_CONVERSION = YES;
				CLANG_WARN_INT_CONVERSION = YES;
				CLANG_WARN_OBJC_ROOT_CLASS = YES_ERROR;
				CLANG_WARN_UNREACHABLE_CODE = YES;
				CLANG_WARN__DUPLICATE_METHOD_MATCH = YES;
				"CODE_SIGN_IDENTITY[sdk=iphoneos*]" = "iPhone Developer";
				COPY_PHASE_STRIP = NO;
				DEBUG_INFORMATION_FORMAT = dwarf;
				ENABLE_STRICT_OBJC_MSGSEND = YES;
				ENABLE_TESTABILITY = YES;
				GCC_C_LANGUAGE_STANDARD = gnu99;
				GCC_DYNAMIC_NO_PIC = NO;
				GCC_NO_COMMON_BLOCKS = YES;
				GCC_OPTIMIZATION_LEVEL = 0;
				GCC_PREPROCESSOR_DEFINITIONS = (
					"DEBUG=1",
					"$(inherited)",
				);
				GCC_WARN_64_TO_32_BIT_CONVERSION = YES;
				GCC_WARN_ABOUT_RETURN_TYPE = YES_ERROR;
				GCC_WARN_UNDECLARED_SELECTOR = YES;
				GCC_WARN_UNINITIALIZED_AUTOS = YES_AGGRESSIVE;
				GCC_WARN_UNUSED_FUNCTION = YES;
				GCC_WARN_UNUSED_VARIABLE = YES;
				IPHONEOS_DEPLOYMENT_TARGET = 9.2;
				MTL_ENABLE_DEBUG_INFO = YES;
				ONLY_ACTIVE_ARCH = YES;
				SDKROOT = iphoneos;
				SWIFT_OPTIMIZATION_LEVEL = "-Onone";
			};
			name = Debug;
		};
		62D734E91C9A3288009FE1DB /* Release */ = {
			isa = XCBuildConfiguration;
			buildSettings = {
				ALWAYS_SEARCH_USER_PATHS = NO;
				CLANG_CXX_LANGUAGE_STANDARD = "gnu++0x";
				CLANG_CXX_LIBRARY = "libc++";
				CLANG_ENABLE_MODULES = YES;
				CLANG_ENABLE_OBJC_ARC = YES;
				CLANG_WARN_BOOL_CONVERSION = YES;
				CLANG_WARN_CONSTANT_CONVERSION = YES;
				CLANG_WARN_DIRECT_OBJC_ISA_USAGE = YES_ERROR;
				CLANG_WARN_EMPTY_BODY = YES;
				CLANG_WARN_ENUM_CONVERSION = YES;
				CLANG_WARN_INT_CONVERSION = YES;
				CLANG_WARN_OBJC_ROOT_CLASS = YES_ERROR;
				CLANG_WARN_UNREACHABLE_CODE = YES;
				CLANG_WARN__DUPLICATE_METHOD_MATCH = YES;
				"CODE_SIGN_IDENTITY[sdk=iphoneos*]" = "iPhone Developer";
				COPY_PHASE_STRIP = NO;
				DEBUG_INFORMATION_FORMAT = "dwarf-with-dsym";
				ENABLE_NS_ASSERTIONS = NO;
				ENABLE_STRICT_OBJC_MSGSEND = YES;
				GCC_C_LANGUAGE_STANDARD = gnu99;
				GCC_NO_COMMON_BLOCKS = YES;
				GCC_WARN_64_TO_32_BIT_CONVERSION = YES;
				GCC_WARN_ABOUT_RETURN_TYPE = YES_ERROR;
				GCC_WARN_UNDECLARED_SELECTOR = YES;
				GCC_WARN_UNINITIALIZED_AUTOS = YES_AGGRESSIVE;
				GCC_WARN_UNUSED_FUNCTION = YES;
				GCC_WARN_UNUSED_VARIABLE = YES;
				IPHONEOS_DEPLOYMENT_TARGET = 9.2;
				MTL_ENABLE_DEBUG_INFO = NO;
				SDKROOT = iphoneos;
				VALIDATE_PRODUCT = YES;
			};
			name = Release;
		};
		62D734EB1C9A3288009FE1DB /* Debug */ = {
			isa = XCBuildConfiguration;
			baseConfigurationReference = E1F1F2A4F92A4BB7DE3EA414 /* Pods-Autopia.debug.xcconfig */;
			buildSettings = {
				ASSETCATALOG_COMPILER_APPICON_NAME = AppIcon;
				INFOPLIST_FILE = Autopia/Info.plist;
				LD_RUNPATH_SEARCH_PATHS = "$(inherited) @executable_path/Frameworks";
				PRODUCT_BUNDLE_IDENTIFIER = com.fowafolo.Autopia;
				PRODUCT_NAME = "$(TARGET_NAME)";
			};
			name = Debug;
		};
		62D734EC1C9A3288009FE1DB /* Release */ = {
			isa = XCBuildConfiguration;
			baseConfigurationReference = 85715DCE908AF7BCA3283756 /* Pods-Autopia.release.xcconfig */;
			buildSettings = {
				ASSETCATALOG_COMPILER_APPICON_NAME = AppIcon;
				INFOPLIST_FILE = Autopia/Info.plist;
				LD_RUNPATH_SEARCH_PATHS = "$(inherited) @executable_path/Frameworks";
				PRODUCT_BUNDLE_IDENTIFIER = com.fowafolo.Autopia;
				PRODUCT_NAME = "$(TARGET_NAME)";
			};
			name = Release;
		};
		62D734EE1C9A3288009FE1DB /* Debug */ = {
			isa = XCBuildConfiguration;
			buildSettings = {
				BUNDLE_LOADER = "$(TEST_HOST)";
				INFOPLIST_FILE = AutopiaTests/Info.plist;
				LD_RUNPATH_SEARCH_PATHS = "$(inherited) @executable_path/Frameworks @loader_path/Frameworks";
				PRODUCT_BUNDLE_IDENTIFIER = com.fowafolo.AutopiaTests;
				PRODUCT_NAME = "$(TARGET_NAME)";
				TEST_HOST = "$(BUILT_PRODUCTS_DIR)/Autopia.app/Autopia";
			};
			name = Debug;
		};
		62D734EF1C9A3288009FE1DB /* Release */ = {
			isa = XCBuildConfiguration;
			buildSettings = {
				BUNDLE_LOADER = "$(TEST_HOST)";
				INFOPLIST_FILE = AutopiaTests/Info.plist;
				LD_RUNPATH_SEARCH_PATHS = "$(inherited) @executable_path/Frameworks @loader_path/Frameworks";
				PRODUCT_BUNDLE_IDENTIFIER = com.fowafolo.AutopiaTests;
				PRODUCT_NAME = "$(TARGET_NAME)";
				TEST_HOST = "$(BUILT_PRODUCTS_DIR)/Autopia.app/Autopia";
			};
			name = Release;
		};
		62D734F11C9A3288009FE1DB /* Debug */ = {
			isa = XCBuildConfiguration;
			buildSettings = {
				INFOPLIST_FILE = AutopiaUITests/Info.plist;
				LD_RUNPATH_SEARCH_PATHS = "$(inherited) @executable_path/Frameworks @loader_path/Frameworks";
				PRODUCT_BUNDLE_IDENTIFIER = com.fowafolo.AutopiaUITests;
				PRODUCT_NAME = "$(TARGET_NAME)";
				TEST_TARGET_NAME = Autopia;
				USES_XCTRUNNER = YES;
			};
			name = Debug;
		};
		62D734F21C9A3288009FE1DB /* Release */ = {
			isa = XCBuildConfiguration;
			buildSettings = {
				INFOPLIST_FILE = AutopiaUITests/Info.plist;
				LD_RUNPATH_SEARCH_PATHS = "$(inherited) @executable_path/Frameworks @loader_path/Frameworks";
				PRODUCT_BUNDLE_IDENTIFIER = com.fowafolo.AutopiaUITests;
				PRODUCT_NAME = "$(TARGET_NAME)";
				TEST_TARGET_NAME = Autopia;
				USES_XCTRUNNER = YES;
			};
			name = Release;
		};
/* End XCBuildConfiguration section */

/* Begin XCConfigurationList section */
		62D734BD1C9A3288009FE1DB /* Build configuration list for PBXProject "Autopia" */ = {
			isa = XCConfigurationList;
			buildConfigurations = (
				62D734E81C9A3288009FE1DB /* Debug */,
				62D734E91C9A3288009FE1DB /* Release */,
			);
			defaultConfigurationIsVisible = 0;
			defaultConfigurationName = Release;
		};
		62D734EA1C9A3288009FE1DB /* Build configuration list for PBXNativeTarget "Autopia" */ = {
			isa = XCConfigurationList;
			buildConfigurations = (
				62D734EB1C9A3288009FE1DB /* Debug */,
				62D734EC1C9A3288009FE1DB /* Release */,
			);
			defaultConfigurationIsVisible = 0;
			defaultConfigurationName = Release;
		};
		62D734ED1C9A3288009FE1DB /* Build configuration list for PBXNativeTarget "AutopiaTests" */ = {
			isa = XCConfigurationList;
			buildConfigurations = (
				62D734EE1C9A3288009FE1DB /* Debug */,
				62D734EF1C9A3288009FE1DB /* Release */,
			);
			defaultConfigurationIsVisible = 0;
			defaultConfigurationName = Release;
		};
		62D734F01C9A3288009FE1DB /* Build configuration list for PBXNativeTarget "AutopiaUITests" */ = {
			isa = XCConfigurationList;
			buildConfigurations = (
				62D734F11C9A3288009FE1DB /* Debug */,
				62D734F21C9A3288009FE1DB /* Release */,
			);
			defaultConfigurationIsVisible = 0;
			defaultConfigurationName = Release;
		};
/* End XCConfigurationList section */
	};
	rootObject = 62D734BA1C9A3288009FE1DB /* Project object */;
}
